<?xml version="1.0" encoding="utf-8"?>
<Project ToolsVersion="17.0" xmlns="http://schemas.microsoft.com/developer/msbuild/2003">
  <ItemGroup>
    <CustomBuild Include="F:\~dev\kilo_tmp\ga_run1\CMakeFiles\212bf0812214673da6d49dfa0ca2cd47\RawrXD_MetaReverse.obj.rule">
      <Filter>CMake Rules</Filter>
    </CustomBuild>
    <CustomBuild Include="F:\~dev\kilo_tmp\ga_run1\CMakeFiles\212bf0812214673da6d49dfa0ca2cd47\RawrXD_OmegaDeobfuscator.obj.rule">
      <Filter>CMake Rules</Filter>
    </CustomBuild>
    <CustomBuild Include="F:\~dev\kilo_tmp\ga_run1\CMakeFiles\16da11d4e060db3537f2e53442ecf141\re_deobfuscator.rule">
      <Filter>CMake Rules</Filter>
    </CustomBuild>
    <CustomBuild Include="F:\~dev\rawrxd\src\reverse_engineering\CMakeLists.txt" />
  </ItemGroup>
  <ItemGroup>
    <None Include="F:\~dev\kilo_tmp\ga_run1\src\reverse_engineering\CMakeFiles\re_deobfuscator" />
  </ItemGroup>
  <ItemGroup>
    <Filter Include="CMake Rules">
      <UniqueIdentifier>{796905F9-E14F-30C3-AC40-072E24DA1ACF}</UniqueIdentifier>
    </Filter>
  </ItemGroup>
</Project>
