
Microsoft Visual Studio Solution File, Format Version 12.00
# Visual Studio Version 17
Project("{8BC9CEB8-8B4A-11D0-8D11-00A0C91BC942}") = "ALL_BUILD", "ALL_BUILD.vcxproj", "{87E52156-A792-35CE-9E47-6B208833EBEE}"
	ProjectSection(ProjectDependencies) = postProject
		{2B64B32F-04BF-342C-BEE4-62B48C81F28E} = {2B64B32F-04BF-342C-BEE4-62B48C81F28E}
		{EB61C76F-B20D-3C81-8CEA-0261A1A3796D} = {EB61C76F-B20D-3C81-8CEA-0261A1A3796D}
		{A6684A73-9CE6-37BE-B3A9-E0A5C5987C55} = {A6684A73-9CE6-37BE-B3A9-E0A5C5987C55}
	EndProjectSection
EndProject
Project("{8BC9CEB8-8B4A-11D0-8D11-00A0C91BC942}") = "INSTALL", "INSTALL.vcxproj", "{F23447B4-FFDA-36BD-B68F-4E176EE37A1A}"
	ProjectSection(ProjectDependencies) = postProject
		{87E52156-A792-35CE-9E47-6B208833EBEE} = {87E52156-A792-35CE-9E47-6B208833EBEE}
		{2B64B32F-04BF-342C-BEE4-62B48C81F28E} = {2B64B32F-04BF-342C-BEE4-62B48C81F28E}
	EndProjectSection
EndProject
Project("{8BC9CEB8-8B4A-11D0-8D11-00A0C91BC942}") = "ZERO_CHECK", "..\ZERO_CHECK.vcxproj", "{2B64B32F-04BF-342C-BEE4-62B48C81F28E}"
	ProjectSection(ProjectDependencies) = postProject
	EndProjectSection
EndProject
Project("{8BC9CEB8-8B4A-11D0-8D11-00A0C91BC942}") = "rguf", "rguf.vcxproj", "{EB61C76F-B20D-3C81-8CEA-0261A1A3796D}"
	ProjectSection(ProjectDependencies) = postProject
		{2B64B32F-04BF-342C-BEE4-62B48C81F28E} = {2B64B32F-04BF-342C-BEE4-62B48C81F28E}
	EndProjectSection
EndProject
Project("{8BC9CEB8-8B4A-11D0-8D11-00A0C91BC942}") = "rguf_tool", "rguf_tool.vcxproj", "{A6684A73-9CE6-37BE-B3A9-E0A5C5987C55}"
	ProjectSection(ProjectDependencies) = postProject
		{2B64B32F-04BF-342C-BEE4-62B48C81F28E} = {2B64B32F-04BF-342C-BEE4-62B48C81F28E}
		{EB61C76F-B20D-3C81-8CEA-0261A1A3796D} = {EB61C76F-B20D-3C81-8CEA-0261A1A3796D}
	EndProjectSection
EndProject
Global
	GlobalSection(SolutionConfigurationPlatforms) = preSolution
		Debug|x64 = Debug|x64
		Release|x64 = Release|x64
		MinSizeRel|x64 = MinSizeRel|x64
		RelWithDebInfo|x64 = RelWithDebInfo|x64
	EndGlobalSection
	GlobalSection(ProjectConfigurationPlatforms) = postSolution
		{87E52156-A792-35CE-9E47-6B208833EBEE}.Debug|x64.ActiveCfg = Debug|x64
		{87E52156-A792-35CE-9E47-6B208833EBEE}.Debug|x64.Build.0 = Debug|x64
		{87E52156-A792-35CE-9E47-6B208833EBEE}.Release|x64.ActiveCfg = Release|x64
		{87E52156-A792-35CE-9E47-6B208833EBEE}.Release|x64.Build.0 = Release|x64
		{87E52156-A792-35CE-9E47-6B208833EBEE}.MinSizeRel|x64.ActiveCfg = MinSizeRel|x64
		{87E52156-A792-35CE-9E47-6B208833EBEE}.MinSizeRel|x64.Build.0 = MinSizeRel|x64
		{87E52156-A792-35CE-9E47-6B208833EBEE}.RelWithDebInfo|x64.ActiveCfg = RelWithDebInfo|x64
		{87E52156-A792-35CE-9E47-6B208833EBEE}.RelWithDebInfo|x64.Build.0 = RelWithDebInfo|x64
		{F23447B4-FFDA-36BD-B68F-4E176EE37A1A}.Debug|x64.ActiveCfg = Debug|x64
		{F23447B4-FFDA-36BD-B68F-4E176EE37A1A}.Release|x64.ActiveCfg = Release|x64
		{F23447B4-FFDA-36BD-B68F-4E176EE37A1A}.MinSizeRel|x64.ActiveCfg = MinSizeRel|x64
		{F23447B4-FFDA-36BD-B68F-4E176EE37A1A}.RelWithDebInfo|x64.ActiveCfg = RelWithDebInfo|x64
		{2B64B32F-04BF-342C-BEE4-62B48C81F28E}.Debug|x64.ActiveCfg = Debug|x64
		{2B64B32F-04BF-342C-BEE4-62B48C81F28E}.Debug|x64.Build.0 = Debug|x64
		{2B64B32F-04BF-342C-BEE4-62B48C81F28E}.Release|x64.ActiveCfg = Release|x64
		{2B64B32F-04BF-342C-BEE4-62B48C81F28E}.Release|x64.Build.0 = Release|x64
		{2B64B32F-04BF-342C-BEE4-62B48C81F28E}.MinSizeRel|x64.ActiveCfg = MinSizeRel|x64
		{2B64B32F-04BF-342C-BEE4-62B48C81F28E}.MinSizeRel|x64.Build.0 = MinSizeRel|x64
		{2B64B32F-04BF-342C-BEE4-62B48C81F28E}.RelWithDebInfo|x64.ActiveCfg = RelWithDebInfo|x64
		{2B64B32F-04BF-342C-BEE4-62B48C81F28E}.RelWithDebInfo|x64.Build.0 = RelWithDebInfo|x64
		{EB61C76F-B20D-3C81-8CEA-0261A1A3796D}.Debug|x64.ActiveCfg = Debug|x64
		{EB61C76F-B20D-3C81-8CEA-0261A1A3796D}.Debug|x64.Build.0 = Debug|x64
		{EB61C76F-B20D-3C81-8CEA-0261A1A3796D}.Release|x64.ActiveCfg = Release|x64
		{EB61C76F-B20D-3C81-8CEA-0261A1A3796D}.Release|x64.Build.0 = Release|x64
		{EB61C76F-B20D-3C81-8CEA-0261A1A3796D}.MinSizeRel|x64.ActiveCfg = MinSizeRel|x64
		{EB61C76F-B20D-3C81-8CEA-0261A1A3796D}.MinSizeRel|x64.Build.0 = MinSizeRel|x64
		{EB61C76F-B20D-3C81-8CEA-0261A1A3796D}.RelWithDebInfo|x64.ActiveCfg = RelWithDebInfo|x64
		{EB61C76F-B20D-3C81-8CEA-0261A1A3796D}.RelWithDebInfo|x64.Build.0 = RelWithDebInfo|x64
		{A6684A73-9CE6-37BE-B3A9-E0A5C5987C55}.Debug|x64.ActiveCfg = Debug|x64
		{A6684A73-9CE6-37BE-B3A9-E0A5C5987C55}.Debug|x64.Build.0 = Debug|x64
		{A6684A73-9CE6-37BE-B3A9-E0A5C5987C55}.Release|x64.ActiveCfg = Release|x64
		{A6684A73-9CE6-37BE-B3A9-E0A5C5987C55}.Release|x64.Build.0 = Release|x64
		{A6684A73-9CE6-37BE-B3A9-E0A5C5987C55}.MinSizeRel|x64.ActiveCfg = MinSizeRel|x64
		{A6684A73-9CE6-37BE-B3A9-E0A5C5987C55}.MinSizeRel|x64.Build.0 = MinSizeRel|x64
		{A6684A73-9CE6-37BE-B3A9-E0A5C5987C55}.RelWithDebInfo|x64.ActiveCfg = RelWithDebInfo|x64
		{A6684A73-9CE6-37BE-B3A9-E0A5C5987C55}.RelWithDebInfo|x64.Build.0 = RelWithDebInfo|x64
	EndGlobalSection
	GlobalSection(ExtensibilityGlobals) = postSolution
		SolutionGuid = {D2ACF5C5-0268-375D-A781-80C75D988646}
	EndGlobalSection
	GlobalSection(ExtensibilityAddIns) = postSolution
	EndGlobalSection
EndGlobal
