<?xml version="1.0" encoding="utf-8"?>
<Project ToolsVersion="17.0" xmlns="http://schemas.microsoft.com/developer/msbuild/2003">
  <ItemGroup>
    <ClCompile Include="F:\~dev\rawrxd\rguf_source\RGUFPlatform.cpp">
      <Filter>Source Files</Filter>
    </ClCompile>
    <ClCompile Include="F:\~dev\rawrxd\rguf_source\RGUFQuant.cpp">
      <Filter>Source Files</Filter>
    </ClCompile>
    <ClCompile Include="F:\~dev\rawrxd\rguf_source\RGUFWriter.cpp">
      <Filter>Source Files</Filter>
    </ClCompile>
    <ClCompile Include="F:\~dev\rawrxd\rguf_source\RGUFLoader.cpp">
      <Filter>Source Files</Filter>
    </ClCompile>
  </ItemGroup>
  <ItemGroup>
    <CustomBuild Include="F:\~dev\rawrxd\rguf_source\CMakeLists.txt" />
  </ItemGroup>
  <ItemGroup>
    <Filter Include="Source Files">
      <UniqueIdentifier>{EEB2B64F-C48A-3909-A955-5F5A7F820B52}</UniqueIdentifier>
    </Filter>
  </ItemGroup>
</Project>
