<?xml version="1.0" encoding="utf-8"?>
<Project ToolsVersion="17.0" xmlns="http://schemas.microsoft.com/developer/msbuild/2003">
  <ItemGroup>
    <ClCompile Include="F:\~dev\rawrxd\src\win32app\main_win32.cpp">
      <Filter>Source Files</Filter>
    </ClCompile>
    <ClCompile Include="F:\~dev\rawrxd\src\win32app\ide_inference_gate.cpp">
      <Filter>Source Files</Filter>
    </ClCompile>
    <ClCompile Include="F:\~dev\rawrxd\src\win32app\ide_toolchain_gate.cpp">
      <Filter>Source Files</Filter>
    </ClCompile>
    <ClCompile Include="F:\~dev\rawrxd\src\core\gold_command_providers.cpp">
      <Filter>Source Files</Filter>
    </ClCompile>
    <ClCompile Include="F:\~dev\rawrxd\src\sovereign\puppeteer\JITAssembler.cpp">
      <Filter>Source Files</Filter>
    </ClCompile>
    <ClCompile Include="F:\~dev\rawrxd\src\agent\quantum_agent_orchestrator.cpp">
      <Filter>Source Files</Filter>
    </ClCompile>
    <ClCompile Include="F:\~dev\rawrxd\src\agent\quantum_autonomous_todo_system.cpp">
      <Filter>Source Files</Filter>
    </ClCompile>
    <ClCompile Include="F:\~dev\rawrxd\src\agent\quantum_multi_model_agent_cycling.cpp">
      <Filter>Source Files</Filter>
    </ClCompile>
    <ClCompile Include="F:\~dev\rawrxd\src\agent\quantum_dynamic_time_manager.cpp">
      <Filter>Source Files</Filter>
    </ClCompile>
    <ClCompile Include="F:\~dev\rawrxd\src\agent\quantum_missing_impl.cpp">
      <Filter>Source Files</Filter>
    </ClCompile>
    <ClCompile Include="F:\~dev\rawrxd\src\agent\quantum_production_orchestrator.cpp">
      <Filter>Source Files</Filter>
    </ClCompile>
    <ClCompile Include="F:\~dev\rawrxd\src\agent\autonomous_orchestrator.cpp">
      <Filter>Source Files</Filter>
    </ClCompile>
    <ClCompile Include="F:\~dev\rawrxd\src\agent\orchestrator_cli_handler.cpp">
      <Filter>Source Files</Filter>
    </ClCompile>
    <ClCompile Include="F:\~dev\rawrxd\src\bridge\Win32SwarmBridge.cpp">
      <Filter>Source Files</Filter>
    </ClCompile>
    <ClCompile Include="F:\~dev\rawrxd\src\bridge\SwarmIATRegistration.cpp">
      <Filter>Source Files</Filter>
    </ClCompile>
    <ClCompile Include="F:\~dev\rawrxd\src\bridge\UnifiedModelMetadata.cpp">
      <Filter>Source Files</Filter>
    </ClCompile>
    <ClCompile Include="F:\~dev\rawrxd\src\agentic\ErrorRecoveryManager.cpp">
      <Filter>Source Files</Filter>
    </ClCompile>
    <ClCompile Include="F:\~dev\rawrxd\src\core\auto_feature_registry.cpp">
      <Filter>Source Files</Filter>
    </ClCompile>
    <ClCompile Include="F:\~dev\rawrxd\src\win32app\Win32IDE_Core.cpp">
      <Filter>Source Files</Filter>
    </ClCompile>
    <ClCompile Include="F:\~dev\rawrxd\src\win32app\Win32IDE_Commands.cpp">
      <Filter>Source Files</Filter>
    </ClCompile>
    <ClCompile Include="F:\~dev\rawrxd\src\command\CommandBroker.cpp">
      <Filter>Source Files</Filter>
    </ClCompile>
    <ClCompile Include="F:\~dev\rawrxd\src\command\CommandEventJournal.cpp">
      <Filter>Source Files</Filter>
    </ClCompile>
    <ClCompile Include="F:\~dev\rawrxd\src\command\SessionBinder.cpp">
      <Filter>Source Files</Filter>
    </ClCompile>
    <ClCompile Include="F:\~dev\rawrxd\src\command\CapabilityProfile.cpp">
      <Filter>Source Files</Filter>
    </ClCompile>
    <ClCompile Include="F:\~dev\rawrxd\src\win32app\CICDSettings.cpp">
      <Filter>Source Files</Filter>
    </ClCompile>
    <ClCompile Include="F:\~dev\rawrxd\src\win32app\Win32IDE_Watchdog.cpp">
      <Filter>Source Files</Filter>
    </ClCompile>
    <ClCompile Include="F:\~dev\rawrxd\src\win32app\Win32IDE_SyntaxHighlight.cpp">
      <Filter>Source Files</Filter>
    </ClCompile>
    <ClCompile Include="F:\~dev\rawrxd\src\win32app\Win32IDE_StreamingUX.cpp">
      <Filter>Source Files</Filter>
    </ClCompile>
    <ClCompile Include="F:\~dev\rawrxd\src\win32app\Win32IDE_Sidebar.cpp">
      <Filter>Source Files</Filter>
    </ClCompile>
    <ClCompile Include="F:\~dev\rawrxd\src\win32app\Win32IDE_Logger.cpp">
      <Filter>Source Files</Filter>
    </ClCompile>
    <ClCompile Include="F:\~dev\rawrxd\src\win32app\Win32IDE_AgenticBridge.cpp">
      <Filter>Source Files</Filter>
    </ClCompile>
    <ClCompile Include="F:\~dev\rawrxd\src\win32app\Win32IDE_TabManager.cpp">
      <Filter>Source Files</Filter>
    </ClCompile>
    <ClCompile Include="F:\~dev\rawrxd\src\win32app\Win32IDE_Settings.cpp">
      <Filter>Source Files</Filter>
    </ClCompile>
    <ClCompile Include="F:\~dev\rawrxd\src\win32app\Win32IDE_ShellLayout.cpp">
      <Filter>Source Files</Filter>
    </ClCompile>
    <ClCompile Include="F:\~dev\rawrxd\src\win32app\Win32IDE_Session.cpp">
      <Filter>Source Files</Filter>
    </ClCompile>
    <ClCompile Include="F:\~dev\rawrxd\src\win32app\Win32IDE_FileOps.cpp">
      <Filter>Source Files</Filter>
    </ClCompile>
    <ClCompile Include="F:\~dev\rawrxd\src\win32app\Win32IDE_RuntimeCert.cpp">
      <Filter>Source Files</Filter>
    </ClCompile>
    <ClCompile Include="F:\~dev\rawrxd\src\compression\zlib_runtime_loader.cpp">
      <Filter>Source Files</Filter>
    </ClCompile>
    <ClCompile Include="F:\~dev\rawrxd\src\inference\NegativeSpaceProfiler.cpp">
      <Filter>Source Files</Filter>
    </ClCompile>
    <ClCompile Include="F:\~dev\rawrxd\src\core\unlinked_symbols_batch_022.cpp">
      <Filter>Source Files</Filter>
    </ClCompile>
    <ClCompile Include="F:\~dev\rawrxd\Ship\RawrXD_AutonomousAgenticPipeline.cpp">
      <Filter>Source Files</Filter>
    </ClCompile>
    <ClCompile Include="F:\~dev\rawrxd\Ship\RawrXD_AgentCoordinator.cpp">
      <Filter>Source Files</Filter>
    </ClCompile>
    <ClCompile Include="F:\~dev\rawrxd\src\win32app\Win32IDE_GhostText.cpp">
      <Filter>Source Files</Filter>
    </ClCompile>
    <ClCompile Include="F:\~dev\rawrxd\src\ai_completion_real.cpp">
      <Filter>Source Files</Filter>
    </ClCompile>
    <ClCompile Include="F:\~dev\rawrxd\src\agentic\failure_intelligence_orchestrator.cpp">
      <Filter>Source Files</Filter>
    </ClCompile>
    <ClCompile Include="F:\~dev\rawrxd\src\win32app\Win32IDE_LSPClient.cpp">
      <Filter>Source Files</Filter>
    </ClCompile>
    <ClCompile Include="F:\~dev\rawrxd\src\win32app\Win32IDE_LSP_AI_Bridge.cpp">
      <Filter>Source Files</Filter>
    </ClCompile>
    <ClCompile Include="F:\~dev\rawrxd\src\win32app\Win32IDE_AgentPanel.cpp">
      <Filter>Source Files</Filter>
    </ClCompile>
    <ClCompile Include="F:\~dev\rawrxd\src\config\IDEConfig.cpp">
      <Filter>Source Files</Filter>
    </ClCompile>
    <ClCompile Include="F:\~dev\rawrxd\src\auth\QuantumAuthUI.cpp">
      <Filter>Source Files</Filter>
    </ClCompile>
    <ClCompile Include="F:\~dev\rawrxd\src\backend\vulkan_compute.cpp">
      <Filter>Source Files</Filter>
    </ClCompile>
    <ClCompile Include="F:\~dev\rawrxd\src\agentic\AgentToolHandlers.cpp">
      <Filter>Source Files</Filter>
    </ClCompile>
    <ClCompile Include="F:\~dev\rawrxd\src\agentic\BoundedAgentLoop.cpp">
      <Filter>Source Files</Filter>
    </ClCompile>
    <ClCompile Include="F:\~dev\rawrxd\src\agentic\OllamaProvider.cpp">
      <Filter>Source Files</Filter>
    </ClCompile>
    <ClCompile Include="F:\~dev\rawrxd\src\agentic\DeterministicReplayEngine.cpp">
      <Filter>Source Files</Filter>
    </ClCompile>
    <ClCompile Include="F:\~dev\rawrxd\src\agentic\autonomous_recovery_orchestrator.cpp">
      <Filter>Source Files</Filter>
    </ClCompile>
    <ClCompile Include="F:\~dev\rawrxd\src\agentic\AgenticDeepThinkingEngine.cpp">
      <Filter>Source Files</Filter>
    </ClCompile>
    <ClCompile Include="F:\~dev\rawrxd\src\agentic\AgentOrchestrator.cpp">
      <Filter>Source Files</Filter>
    </ClCompile>
    <ClCompile Include="F:\~dev\rawrxd\src\agentic\OrchestratorBridge.cpp">
      <Filter>Source Files</Filter>
    </ClCompile>
    <ClCompile Include="F:\~dev\rawrxd\src\agentic\AgenticNavigator.cpp">
      <Filter>Source Files</Filter>
    </ClCompile>
    <ClCompile Include="F:\~dev\rawrxd\src\agentic\ToolRegistry.cpp">
      <Filter>Source Files</Filter>
    </ClCompile>
    <ClCompile Include="F:\~dev\rawrxd\src\agentic\RawrXD_AgentLoop.cpp">
      <Filter>Source Files</Filter>
    </ClCompile>
    <ClCompile Include="F:\~dev\rawrxd\src\agentic\agentic_executor.cpp">
      <Filter>Source Files</Filter>
    </ClCompile>
    <ClCompile Include="F:\~dev\rawrxd\src\agentic\FIMPromptBuilder.cpp">
      <Filter>Source Files</Filter>
    </ClCompile>
    <ClCompile Include="F:\~dev\rawrxd\src\core\unlinked_symbols_batch_001.cpp">
      <Filter>Source Files</Filter>
    </ClCompile>
    <ClCompile Include="F:\~dev\rawrxd\src\core\unlinked_symbols_batch_002.cpp">
      <Filter>Source Files</Filter>
    </ClCompile>
    <ClCompile Include="F:\~dev\rawrxd\src\core\unlinked_symbols_batch_003.cpp">
      <Filter>Source Files</Filter>
    </ClCompile>
    <ClCompile Include="F:\~dev\rawrxd\src\core\win32ide_watchdog_init.cpp">
      <Filter>Source Files</Filter>
    </ClCompile>
    <ClCompile Include="F:\~dev\rawrxd\src\core\unlinked_symbols_batch_005.cpp">
      <Filter>Source Files</Filter>
    </ClCompile>
    <ClCompile Include="F:\~dev\rawrxd\src\core\unlinked_symbols_batch_006.cpp">
      <Filter>Source Files</Filter>
    </ClCompile>
    <ClCompile Include="F:\~dev\rawrxd\src\core\unlinked_symbols_batch_007.cpp">
      <Filter>Source Files</Filter>
    </ClCompile>
    <ClCompile Include="F:\~dev\rawrxd\src\core\unlinked_symbols_batch_008.cpp">
      <Filter>Source Files</Filter>
    </ClCompile>
    <ClCompile Include="F:\~dev\rawrxd\src\core\unlinked_symbols_batch_009.cpp">
      <Filter>Source Files</Filter>
    </ClCompile>
    <ClCompile Include="F:\~dev\rawrxd\src\core\unlinked_symbols_batch_010.cpp">
      <Filter>Source Files</Filter>
    </ClCompile>
    <ClCompile Include="F:\~dev\rawrxd\src\core\unlinked_symbols_batch_011.cpp">
      <Filter>Source Files</Filter>
    </ClCompile>
    <ClCompile Include="F:\~dev\rawrxd\src\core\unlinked_symbols_batch_012.cpp">
      <Filter>Source Files</Filter>
    </ClCompile>
    <ClCompile Include="F:\~dev\rawrxd\src\core\unlinked_symbols_batch_021.cpp">
      <Filter>Source Files</Filter>
    </ClCompile>
    <ClCompile Include="F:\~dev\rawrxd\src\ANSIParser.cpp">
      <Filter>Source Files</Filter>
    </ClCompile>
    <ClCompile Include="F:\~dev\rawrxd\src\vulkan_kernel_bridge.cpp">
      <Filter>Source Files</Filter>
    </ClCompile>
    <ClCompile Include="F:\~dev\rawrxd\src\collab\cursor_widget.cpp">
      <Filter>Source Files</Filter>
    </ClCompile>
    <ClCompile Include="F:\~dev\rawrxd\src\collab\crdt_buffer.cpp">
      <Filter>Source Files</Filter>
    </ClCompile>
    <ClCompile Include="F:\~dev\rawrxd\src\core\sdma\sdma_coordinator.cpp">
      <Filter>Source Files</Filter>
    </ClCompile>
    <ClCompile Include="F:\~dev\rawrxd\src\core\rawrxd_subsystem_api.cpp">
      <Filter>Source Files</Filter>
    </ClCompile>
    <ClCompile Include="F:\~dev\rawrxd\src\agent\telemetry_collector.cpp">
      <Filter>Source Files</Filter>
    </ClCompile>
    <ClCompile Include="F:\~dev\rawrxd\src\core\auto_repair_orchestrator.cpp">
      <Filter>Source Files</Filter>
    </ClCompile>
    <ClCompile Include="F:\~dev\rawrxd\src\core\agent_memory_indexer.cpp">
      <Filter>Source Files</Filter>
    </ClCompile>
    <ClCompile Include="F:\~dev\rawrxd\src\agentic\agentic_transaction.cpp">
      <Filter>Source Files</Filter>
    </ClCompile>
    <ClCompile Include="F:\~dev\rawrxd\src\agentic\agent_workflow_orchestrator.cpp">
      <Filter>Source Files</Filter>
    </ClCompile>
    <ClCompile Include="F:\~dev\rawrxd\src\agent\DiskRecoveryAgent.cpp">
      <Filter>Source Files</Filter>
    </ClCompile>
    <ClCompile Include="F:\~dev\rawrxd\src\agentic\DiskRecoveryAgent.cpp">
      <Filter>Source Files</Filter>
    </ClCompile>
    <ClCompile Include="F:\~dev\rawrxd\src\agentic\DiskRecoveryToolHandler.cpp">
      <Filter>Source Files</Filter>
    </ClCompile>
    <ClCompile Include="F:\~dev\rawrxd\src\logging\Logger.cpp">
      <Filter>Source Files</Filter>
    </ClCompile>
    <ClCompile Include="F:\~dev\rawrxd\src\core\ConfigurationValidator.cpp">
      <Filter>Source Files</Filter>
    </ClCompile>
    <ClCompile Include="F:\~dev\rawrxd\src\rawrxd_inference.cpp">
      <Filter>Source Files</Filter>
    </ClCompile>
    <ClCompile Include="F:\~dev\rawrxd\src\rawrxd_model_loader.cpp">
      <Filter>Source Files</Filter>
    </ClCompile>
    <ClCompile Include="F:\~dev\rawrxd\src\rawrxd_transformer.cpp">
      <Filter>Source Files</Filter>
    </ClCompile>
    <ClCompile Include="F:\~dev\rawrxd\src\rawrxd_cpu_math.cpp">
      <Filter>Source Files</Filter>
    </ClCompile>
    <ClCompile Include="F:\~dev\rawrxd\src\rawrxd_tokenizer.cpp">
      <Filter>Source Files</Filter>
    </ClCompile>
    <ClCompile Include="F:\~dev\rawrxd\src\rawrxd_sampler.cpp">
      <Filter>Source Files</Filter>
    </ClCompile>
    <ClCompile Include="F:\~dev\rawrxd\src\cpu_inference_engine.cpp">
      <Filter>Source Files</Filter>
    </ClCompile>
    <ClCompile Include="F:\~dev\rawrxd\src\core\swarm_scheduler.cpp">
      <Filter>Source Files</Filter>
    </ClCompile>
    <ClCompile Include="F:\~dev\rawrxd\src\core\gguf_swarm_plan_builder.cpp">
      <Filter>Source Files</Filter>
    </ClCompile>
    <ClCompile Include="F:\~dev\rawrxd\src\gguf_loader.cpp">
      <Filter>Source Files</Filter>
    </ClCompile>
    <ClCompile Include="F:\~dev\rawrxd\src\gguf_vocab_resolver.cpp">
      <Filter>Source Files</Filter>
    </ClCompile>
    <ClCompile Include="F:\~dev\rawrxd\src\model_source_resolver.cpp">
      <Filter>Source Files</Filter>
    </ClCompile>
    <ClCompile Include="F:\~dev\rawrxd\src\engine\transformer.cpp">
      <Filter>Source Files</Filter>
    </ClCompile>
    <ClCompile Include="F:\~dev\rawrxd\src\core\streaming_engine_registry.cpp">
      <Filter>Source Files</Filter>
    </ClCompile>
    <ClCompile Include="F:\~dev\rawrxd\src\core\gpu_backend_bridge.cpp">
      <Filter>Source Files</Filter>
    </ClCompile>
    <ClCompile Include="F:\~dev\rawrxd\src\core\enterprise_license.cpp">
      <Filter>Source Files</Filter>
    </ClCompile>
    <ClCompile Include="F:\~dev\rawrxd\src\core\enterprise_licensev2_impl.cpp">
      <Filter>Source Files</Filter>
    </ClCompile>
    <ClCompile Include="F:\~dev\rawrxd\src\core\enterprise_devunlock_bridge.cpp">
      <Filter>Source Files</Filter>
    </ClCompile>
    <ClCompile Include="F:\~dev\rawrxd\src\core\monolithic_heap_globals.cpp">
      <Filter>Source Files</Filter>
    </ClCompile>
    <ClCompile Include="F:\~dev\rawrxd\src\core\license_anti_tampering.cpp">
      <Filter>Source Files</Filter>
    </ClCompile>
    <ClCompile Include="F:\~dev\rawrxd\src\core\camellia256_bridge.cpp">
      <Filter>Source Files</Filter>
    </ClCompile>
    <ClCompile Include="F:\~dev\rawrxd\src\core\watchdog_service.cpp">
      <Filter>Source Files</Filter>
    </ClCompile>
    <ClCompile Include="F:\~dev\rawrxd\src\core\flash_attention.cpp">
      <Filter>Source Files</Filter>
    </ClCompile>
    <ClCompile Include="F:\~dev\rawrxd\src\core\execution_scheduler.cpp">
      <Filter>Source Files</Filter>
    </ClCompile>
    <ClCompile Include="F:\~dev\rawrxd\src\core\execution_governor.cpp">
      <Filter>Source Files</Filter>
    </ClCompile>
    <ClCompile Include="F:\~dev\rawrxd\src\core\multi_gpu.cpp">
      <Filter>Source Files</Filter>
    </ClCompile>
    <ClCompile Include="F:\~dev\rawrxd\src\core\agent_safety_contract.cpp">
      <Filter>Source Files</Filter>
    </ClCompile>
    <ClCompile Include="F:\~dev\rawrxd\src\core\deterministic_replay.cpp">
      <Filter>Source Files</Filter>
    </ClCompile>
    <ClCompile Include="F:\~dev\rawrxd\src\core\confidence_gate.cpp">
      <Filter>Source Files</Filter>
    </ClCompile>
    <ClCompile Include="F:\~dev\rawrxd\src\core\layer_offload_manager.cpp">
      <Filter>Source Files</Filter>
    </ClCompile>
    <ClCompile Include="F:\~dev\rawrxd\src\core\native_speed_layer.cpp">
      <Filter>Source Files</Filter>
    </ClCompile>
    <ClCompile Include="F:\~dev\rawrxd\src\core\local_ai_core.cpp">
      <Filter>Source Files</Filter>
    </ClCompile>
    <ClCompile Include="F:\~dev\rawrxd\src\core\native_inference_pipeline.cpp">
      <Filter>Source Files</Filter>
    </ClCompile>
    <ClCompile Include="F:\~dev\rawrxd\src\core\70b_gguf_hotpatch.cpp">
      <Filter>Source Files</Filter>
    </ClCompile>
    <ClCompile Include="F:\~dev\rawrxd\src\core\governor_throttling.cpp">
      <Filter>Source Files</Filter>
    </ClCompile>
    <ClCompile Include="F:\~dev\rawrxd\src\core\swarm_coordinator.cpp">
      <Filter>Source Files</Filter>
    </ClCompile>
    <ClCompile Include="F:\~dev\rawrxd\src\core\swarm_worker.cpp">
      <Filter>Source Files</Filter>
    </ClCompile>
    <ClCompile Include="F:\~dev\rawrxd\src\core\native_debugger_engine.cpp">
      <Filter>Source Files</Filter>
    </ClCompile>
    <ClCompile Include="F:\~dev\rawrxd\src\core\native_debugger_symbols.cpp">
      <Filter>Source Files</Filter>
    </ClCompile>
    <ClCompile Include="F:\~dev\rawrxd\src\core\model_memory_hotpatch.cpp">
      <Filter>Source Files</Filter>
    </ClCompile>
    <ClCompile Include="F:\~dev\rawrxd\src\core\byte_level_hotpatcher.cpp">
      <Filter>Source Files</Filter>
    </ClCompile>
    <ClCompile Include="F:\~dev\rawrxd\src\core\unified_hotpatch_manager.cpp">
      <Filter>Source Files</Filter>
    </ClCompile>
    <ClCompile Include="F:\~dev\rawrxd\src\core\proxy_hotpatcher.cpp">
      <Filter>Source Files</Filter>
    </ClCompile>
    <ClCompile Include="F:\~dev\rawrxd\src\core\model_bruteforce_engine.cpp">
      <Filter>Source Files</Filter>
    </ClCompile>
    <ClCompile Include="F:\~dev\rawrxd\src\core\pt_driver_contract.cpp">
      <Filter>Source Files</Filter>
    </ClCompile>
    <ClCompile Include="F:\~dev\rawrxd\src\core\shadow_page_detour.cpp">
      <Filter>Source Files</Filter>
    </ClCompile>
    <ClCompile Include="F:\~dev\rawrxd\src\core\sentinel_watchdog.cpp">
      <Filter>Source Files</Filter>
    </ClCompile>
    <ClCompile Include="F:\~dev\rawrxd\src\agent\agentic_hotpatch_orchestrator.cpp">
      <Filter>Source Files</Filter>
    </ClCompile>
    <ClCompile Include="F:\~dev\rawrxd\src\agent\llm_http_client.cpp">
      <Filter>Source Files</Filter>
    </ClCompile>
    <ClCompile Include="F:\~dev\rawrxd\src\agent\model_invoker.cpp">
      <Filter>Source Files</Filter>
    </ClCompile>
    <ClCompile Include="F:\~dev\rawrxd\src\agent\planner.cpp">
      <Filter>Source Files</Filter>
    </ClCompile>
    <ClCompile Include="F:\~dev\rawrxd\src\agent\meta_planner.cpp">
      <Filter>Source Files</Filter>
    </ClCompile>
    <ClCompile Include="F:\~dev\rawrxd\src\agent\eval_framework.cpp">
      <Filter>Source Files</Filter>
    </ClCompile>
    <ClCompile Include="F:\~dev\rawrxd\src\agent\autonomous_subagent.cpp">
      <Filter>Source Files</Filter>
    </ClCompile>
    <ClCompile Include="F:\~dev\rawrxd\src\agent\agentic_failure_detector.cpp">
      <Filter>Source Files</Filter>
    </ClCompile>
    <ClCompile Include="F:\~dev\rawrxd\src\agent\agentic_deep_thinking_engine.cpp">
      <Filter>Source Files</Filter>
    </ClCompile>
    <ClCompile Include="F:\~dev\rawrxd\src\agent\agentic_puppeteer.cpp">
      <Filter>Source Files</Filter>
    </ClCompile>
    <ClCompile Include="F:\~dev\rawrxd\src\cloud_api_client.cpp">
      <Filter>Source Files</Filter>
    </ClCompile>
    <ClCompile Include="F:\~dev\rawrxd\src\agent\local_reasoning_engine.cpp">
      <Filter>Source Files</Filter>
    </ClCompile>
    <ClCompile Include="F:\~dev\rawrxd\src\agent\agent_self_repair.cpp">
      <Filter>Source Files</Filter>
    </ClCompile>
    <ClCompile Include="F:\~dev\rawrxd\src\agent\agent_self_healing_orchestrator.cpp">
      <Filter>Source Files</Filter>
    </ClCompile>
    <ClCompile Include="F:\~dev\rawrxd\src\core\swarm_decision_bridge.cpp">
      <Filter>Source Files</Filter>
    </ClCompile>
    <ClCompile Include="F:\~dev\rawrxd\src\core\universal_model_hotpatcher.cpp">
      <Filter>Source Files</Filter>
    </ClCompile>
    <ClCompile Include="F:\~dev\rawrxd\src\core\production_release.cpp">
      <Filter>Source Files</Filter>
    </ClCompile>
    <ClCompile Include="F:\~dev\rawrxd\src\core\quantum_safe_transport.cpp">
      <Filter>Source Files</Filter>
    </ClCompile>
    <ClCompile Include="F:\~dev\rawrxd\src\core\adaptive_pipeline_parallel.cpp">
      <Filter>Source Files</Filter>
    </ClCompile>
    <ClCompile Include="F:\~dev\rawrxd\src\core\universal_model_merger.cpp">
      <Filter>Source Files</Filter>
    </ClCompile>
    <ClCompile Include="F:\~dev\rawrxd\src\core\webrtc_signaling.cpp">
      <Filter>Source Files</Filter>
    </ClCompile>
    <ClCompile Include="F:\~dev\rawrxd\src\core\gpu_kernel_autotuner.cpp">
      <Filter>Source Files</Filter>
    </ClCompile>
    <ClCompile Include="F:\~dev\rawrxd\src\core\sandbox_integration.cpp">
      <Filter>Source Files</Filter>
    </ClCompile>
    <ClCompile Include="F:\~dev\rawrxd\src\core\amd_gpu_accelerator.cpp">
      <Filter>Source Files</Filter>
    </ClCompile>
    <ClCompile Include="F:\~dev\rawrxd\src\core\unified_memory_executor.cpp">
      <Filter>Source Files</Filter>
    </ClCompile>
    <ClCompile Include="F:\~dev\rawrxd\src\core\model_runtime_gate.cpp">
      <Filter>Source Files</Filter>
    </ClCompile>
    <ClCompile Include="F:\~dev\rawrxd\src\core\intel_gpu_accelerator.cpp">
      <Filter>Source Files</Filter>
    </ClCompile>
    <ClCompile Include="F:\~dev\rawrxd\src\core\arm64_gpu_accelerator.cpp">
      <Filter>Source Files</Filter>
    </ClCompile>
    <ClCompile Include="F:\~dev\rawrxd\src\core\cerebras_wse_accelerator.cpp">
      <Filter>Source Files</Filter>
    </ClCompile>
    <ClCompile Include="F:\~dev\rawrxd\src\core\accelerator_router.cpp">
      <Filter>Source Files</Filter>
    </ClCompile>
    <ClCompile Include="F:\~dev\rawrxd\src\core\pdb_reference_provider.cpp">
      <Filter>Source Files</Filter>
    </ClCompile>
    <ClCompile Include="F:\~dev\rawrxd\src\win32app\Win32IDE_LSPServer.cpp">
      <Filter>Source Files</Filter>
    </ClCompile>
    <ClCompile Include="F:\~dev\rawrxd\src\win32app\Win32IDE_EditorEngine.cpp">
      <Filter>Source Files</Filter>
    </ClCompile>
    <ClCompile Include="F:\~dev\rawrxd\src\core\feature_registry.cpp">
      <Filter>Source Files</Filter>
    </ClCompile>
    <ClCompile Include="F:\~dev\rawrxd\src\core\menu_auditor.cpp">
      <Filter>Source Files</Filter>
    </ClCompile>
    <ClCompile Include="F:\~dev\rawrxd\src\core\auto_discovery.cpp">
      <Filter>Source Files</Filter>
    </ClCompile>
    <ClCompile Include="F:\~dev\rawrxd\src\core\voice_chat.cpp">
      <Filter>Source Files</Filter>
    </ClCompile>
    <ClCompile Include="F:\~dev\rawrxd\src\core\voice_automation.cpp">
      <Filter>Source Files</Filter>
    </ClCompile>
    <ClCompile Include="F:\~dev\rawrxd\src\core\shortcut_manager.cpp">
      <Filter>Source Files</Filter>
    </ClCompile>
    <ClCompile Include="F:\~dev\rawrxd\src\core\backup_manager.cpp">
      <Filter>Source Files</Filter>
    </ClCompile>
    <ClCompile Include="F:\~dev\rawrxd\src\core\alert_system.cpp">
      <Filter>Source Files</Filter>
    </ClCompile>
    <ClCompile Include="F:\~dev\rawrxd\src\core\feature_registration.cpp">
      <Filter>Source Files</Filter>
    </ClCompile>
    <ClCompile Include="F:\~dev\rawrxd\src\core\win32ide_handler_impls.cpp">
      <Filter>Source Files</Filter>
    </ClCompile>
    <ClCompile Include="F:\~dev\rawrxd\src\core\intent_engine.cpp">
      <Filter>Source Files</Filter>
    </ClCompile>
    <ClCompile Include="F:\~dev\rawrxd\src\core\model_training_pipeline.cpp">
      <Filter>Source Files</Filter>
    </ClCompile>
    <ClCompile Include="F:\~dev\rawrxd\src\core\ssot_validation.cpp">
      <Filter>Source Files</Filter>
    </ClCompile>
    <ClCompile Include="F:\~dev\rawrxd\src\core\unified_command_dispatch.cpp">
      <Filter>Source Files</Filter>
    </ClCompile>
    <ClCompile Include="F:\~dev\rawrxd\src\core\startup_phase_registry.cpp">
      <Filter>Source Files</Filter>
    </ClCompile>
    <ClCompile Include="F:\~dev\rawrxd\src\core\jsonrpc_parser.cpp">
      <Filter>Source Files</Filter>
    </ClCompile>
    <ClCompile Include="F:\~dev\rawrxd\src\cli\swarm_orchestrator.cpp">
      <Filter>Source Files</Filter>
    </ClCompile>
    <ClCompile Include="F:\~dev\rawrxd\src\core\chain_of_thought_engine.cpp">
      <Filter>Source Files</Filter>
    </ClCompile>
    <ClCompile Include="F:\~dev\rawrxd\src\win32app\Win32IDE_MCP.cpp">
      <Filter>Source Files</Filter>
    </ClCompile>
    <ClCompile Include="F:\~dev\rawrxd\src\core\rawrxd_state_mmf.cpp">
      <Filter>Source Files</Filter>
    </ClCompile>
    <ClCompile Include="F:\~dev\rawrxd\src\core\extension_polyfill_engine.cpp">
      <Filter>Source Files</Filter>
    </ClCompile>
    <ClCompile Include="F:\~dev\rawrxd\src\vulkan_compute.cpp">
      <Filter>Source Files</Filter>
    </ClCompile>
    <ClCompile Include="F:\~dev\rawrxd\src\core\deterministic_swarm.cpp">
      <Filter>Source Files</Filter>
    </ClCompile>
    <ClCompile Include="F:\~dev\rawrxd\src\core\input_guard_slicer.cpp">
      <Filter>Source Files</Filter>
    </ClCompile>
    <ClCompile Include="F:\~dev\rawrxd\src\agentic_agent_coordinator.cpp">
      <Filter>Source Files</Filter>
    </ClCompile>
    <ClCompile Include="F:\~dev\rawrxd\src\production_config_manager.cpp">
      <Filter>Source Files</Filter>
    </ClCompile>
    <ClCompile Include="F:\~dev\rawrxd\src\core\vector_index.cpp">
      <Filter>Source Files</Filter>
    </ClCompile>
    <ClCompile Include="F:\~dev\rawrxd\src\core\vision_token_gate.cpp">
      <Filter>Source Files</Filter>
    </ClCompile>
    <ClCompile Include="F:\~dev\rawrxd\src\core\vision_embedding_cache.cpp">
      <Filter>Source Files</Filter>
    </ClCompile>
    <ClCompile Include="F:\~dev\rawrxd\src\core\vision_kv_isolation.cpp">
      <Filter>Source Files</Filter>
    </ClCompile>
    <ClCompile Include="F:\~dev\rawrxd\src\core\vision_quantized_encoder.cpp">
      <Filter>Source Files</Filter>
    </ClCompile>
    <ClCompile Include="F:\~dev\rawrxd\src\core\vision_gpu_staging.cpp">
      <Filter>Source Files</Filter>
    </ClCompile>
    <ClCompile Include="F:\~dev\rawrxd\src\auth\rbac_engine.cpp">
      <Filter>Source Files</Filter>
    </ClCompile>
    <ClCompile Include="F:\~dev\rawrxd\src\core\transaction_journal.cpp">
      <Filter>Source Files</Filter>
    </ClCompile>
    <ClCompile Include="F:\~dev\rawrxd\src\core\instructions_provider.cpp">
      <Filter>Source Files</Filter>
    </ClCompile>
    <ClCompile Include="F:\~dev\rawrxd\src\core\distributed_pipeline_orchestrator.cpp">
      <Filter>Source Files</Filter>
    </ClCompile>
    <ClCompile Include="F:\~dev\rawrxd\src\core\hotpatch_control_plane.cpp">
      <Filter>Source Files</Filter>
    </ClCompile>
    <ClCompile Include="F:\~dev\rawrxd\src\core\static_analysis_engine.cpp">
      <Filter>Source Files</Filter>
    </ClCompile>
    <ClCompile Include="F:\~dev\rawrxd\src\win32app\Win32IDE_BuildRunner.cpp">
      <Filter>Source Files</Filter>
    </ClCompile>
    <ClCompile Include="F:\~dev\rawrxd\src\core\problems_panel_bridge.cpp">
      <Filter>Source Files</Filter>
    </ClCompile>
    <ClCompile Include="F:\~dev\rawrxd\src\core\problems_aggregator.cpp">
      <Filter>Source Files</Filter>
    </ClCompile>
    <ClCompile Include="F:\~dev\rawrxd\src\core\semantic_code_intelligence.cpp">
      <Filter>Source Files</Filter>
    </ClCompile>
    <ClCompile Include="F:\~dev\rawrxd\src\core\enterprise_telemetry_compliance.cpp">
      <Filter>Source Files</Filter>
    </ClCompile>
    <ClCompile Include="F:\~dev\rawrxd\src\collab\websocket_hub.cpp">
      <Filter>Source Files</Filter>
    </ClCompile>
    <ClCompile Include="F:\~dev\rawrxd\src\core\omega_orchestrator.cpp">
      <Filter>Source Files</Filter>
    </ClCompile>
    <ClCompile Include="F:\~dev\rawrxd\src\core\omega_asm_native_kernel.cpp">
      <Filter>Source Files</Filter>
    </ClCompile>
    <ClCompile Include="F:\~dev\rawrxd\src\core\mesh_brain.cpp">
      <Filter>Source Files</Filter>
    </ClCompile>
    <ClCompile Include="F:\~dev\rawrxd\src\core\speciator_engine.cpp">
      <Filter>Source Files</Filter>
    </ClCompile>
    <ClCompile Include="F:\~dev\rawrxd\src\core\neural_bridge.cpp">
      <Filter>Source Files</Filter>
    </ClCompile>
    <ClCompile Include="F:\~dev\rawrxd\src\core\self_host_engine.cpp">
      <Filter>Source Files</Filter>
    </ClCompile>
    <ClCompile Include="F:\~dev\rawrxd\src\core\hardware_synthesizer.cpp">
      <Filter>Source Files</Filter>
    </ClCompile>
    <ClCompile Include="F:\~dev\rawrxd\src\core\transcendence_coordinator.cpp">
      <Filter>Source Files</Filter>
    </ClCompile>
    <ClCompile Include="F:\~dev\rawrxd\src\core\integrated_runtime.cpp">
      <Filter>Source Files</Filter>
    </ClCompile>
    <ClCompile Include="F:\~dev\rawrxd\src\core\reasoning_profile.cpp">
      <Filter>Source Files</Filter>
    </ClCompile>
    <ClCompile Include="F:\~dev\rawrxd\src\win32app\Win32IDE_MCPHooks.cpp">
      <Filter>Source Files</Filter>
    </ClCompile>
    <ClCompile Include="F:\~dev\rawrxd\src\core\crash_containment.cpp">
      <Filter>Source Files</Filter>
    </ClCompile>
    <ClCompile Include="F:\~dev\rawrxd\src\core\patch_rollback_ledger.cpp">
      <Filter>Source Files</Filter>
    </ClCompile>
    <ClCompile Include="F:\~dev\rawrxd\src\core\quant_hysteresis.cpp">
      <Filter>Source Files</Filter>
    </ClCompile>
    <ClCompile Include="F:\~dev\rawrxd\src\core\perf_telemetry.cpp">
      <Filter>Source Files</Filter>
    </ClCompile>
    <ClCompile Include="F:\~dev\rawrxd\src\core\cursor_github_parity_bridge.cpp">
      <Filter>Source Files</Filter>
    </ClCompile>
    <ClCompile Include="F:\~dev\rawrxd\src\core\swarm_reconciliation.cpp">
      <Filter>Source Files</Filter>
    </ClCompile>
    <ClCompile Include="F:\~dev\rawrxd\src\core\auto_update_system.cpp">
      <Filter>Source Files</Filter>
    </ClCompile>
    <ClCompile Include="F:\~dev\rawrxd\src\core\sqlite3.c">
      <Filter>Source Files</Filter>
    </ClCompile>
    <ClCompile Include="F:\~dev\rawrxd\src\core\knowledge_graph_core.cpp">
      <Filter>Source Files</Filter>
    </ClCompile>
    <ClCompile Include="F:\~dev\rawrxd\src\core\swarm_conflict_resolver.cpp">
      <Filter>Source Files</Filter>
    </ClCompile>
    <ClCompile Include="F:\~dev\rawrxd\src\core\autonomous_debugger.cpp">
      <Filter>Source Files</Filter>
    </ClCompile>
    <ClCompile Include="F:\~dev\rawrxd\src\context\semantic_index.cpp">
      <Filter>Source Files</Filter>
    </ClCompile>
    <ClCompile Include="F:\~dev\rawrxd\src\win32app\Win32IDE_GitPanel.cpp">
      <Filter>Source Files</Filter>
    </ClCompile>
    <ClCompile Include="F:\~dev\rawrxd\src\win32app\Win32IDE_SearchPanel.cpp">
      <Filter>Source Files</Filter>
    </ClCompile>
    <ClCompile Include="F:\~dev\rawrxd\src\win32app\Win32IDE_SettingsGUI.cpp">
      <Filter>Source Files</Filter>
    </ClCompile>
    <ClCompile Include="F:\~dev\rawrxd\src\core\agentic_autonomous_config.cpp">
      <Filter>Source Files</Filter>
    </ClCompile>
    <ClCompile Include="F:\~dev\rawrxd\src\core\enterprise_feature_manager.cpp">
      <Filter>Source Files</Filter>
    </ClCompile>
    <ClCompile Include="F:\~dev\rawrxd\src\core\context_deterioration_hotpatch.cpp">
      <Filter>Source Files</Filter>
    </ClCompile>
    <ClCompile Include="F:\~dev\rawrxd\src\feature_registry_panel.cpp">
      <Filter>Source Files</Filter>
    </ClCompile>
    <ClCompile Include="F:\~dev\rawrxd\src\autonomous_feature_engine.cpp">
      <Filter>Source Files</Filter>
    </ClCompile>
    <ClCompile Include="F:\~dev\rawrxd\src\autonomous_intelligence_orchestrator.cpp">
      <Filter>Source Files</Filter>
    </ClCompile>
    <ClCompile Include="F:\~dev\rawrxd\src\ai_model_caller.cpp">
      <Filter>Source Files</Filter>
    </ClCompile>
    <ClCompile Include="F:\~dev\rawrxd\src\hybrid_cloud_manager.cpp">
      <Filter>Source Files</Filter>
    </ClCompile>
    <ClCompile Include="F:\~dev\rawrxd\src\benchmark_menu_widget.cpp">
      <Filter>Source Files</Filter>
    </ClCompile>
    <ClCompile Include="F:\~dev\rawrxd\src\benchmark_runner.cpp">
      <Filter>Source Files</Filter>
    </ClCompile>
    <ClCompile Include="F:\~dev\rawrxd\src\win32app\Win32IDE_AutoSave.cpp">
      <Filter>Source Files</Filter>
    </ClCompile>
    <ClCompile Include="F:\~dev\rawrxd\src\win32app\Win32IDE_TerminalSplit.cpp">
      <Filter>Source Files</Filter>
    </ClCompile>
    <ClCompile Include="F:\~dev\rawrxd\src\deep2\AntiPatcher.cpp">
      <Filter>Source Files</Filter>
    </ClCompile>
    <ClCompile Include="F:\~dev\rawrxd\src\deep2\StreamEngine.cpp">
      <Filter>Source Files</Filter>
    </ClCompile>
    <ClCompile Include="F:\~dev\rawrxd\src\deep2\Deep2ModelRuntime.cpp">
      <Filter>Source Files</Filter>
    </ClCompile>
    <ClCompile Include="F:\~dev\rawrxd\src\core\local_parity_bridge.cpp">
      <Filter>Source Files</Filter>
    </ClCompile>
    <ClCompile Include="F:\~dev\rawrxd\src\core\json_instantiations.cpp">
      <Filter>Source Files</Filter>
    </ClCompile>
    <ClCompile Include="F:\~dev\rawrxd\src\core\hexmag_ide_link_probe.cpp">
      <Filter>Source Files</Filter>
    </ClCompile>
    <ClCompile Include="F:\~dev\rawrxd\src\agent\hexmag_client.cpp">
      <Filter>Source Files</Filter>
    </ClCompile>
    <ClCompile Include="F:\~dev\rawrxd\src\core\cot_fallback_system.cpp">
      <Filter>Source Files</Filter>
    </ClCompile>
    <ClCompile Include="F:\~dev\rawrxd\src\agentic_model_streamer_bridge.cpp">
      <Filter>Source Files</Filter>
    </ClCompile>
    <ClCompile Include="F:\~dev\rawrxd\src\core\GpuDecodeEfficiency.cpp">
      <Filter>Source Files</Filter>
    </ClCompile>
    <ClCompile Include="F:\~dev\rawrxd\src\core\AmdGpuPowerBackend.cpp">
      <Filter>Source Files</Filter>
    </ClCompile>
    <ClCompile Include="F:\~dev\rawrxd\src\deep2\Sampler.cpp">
      <Filter>Source Files</Filter>
    </ClCompile>
    <ClCompile Include="F:\~dev\rawrxd\src\deep2\Tokenizer.cpp">
      <Filter>Source Files</Filter>
    </ClCompile>
    <ClCompile Include="F:\~dev\rawrxd\src\ai\streaming_inference_engine.cpp">
      <Filter>Source Files</Filter>
    </ClCompile>
    <ClCompile Include="F:\~dev\rawrxd\src\deep2\AgentToolAuthority.cpp">
      <Filter>Source Files</Filter>
    </ClCompile>
    <ClCompile Include="F:\~dev\rawrxd\src\win32app\Win32IDE_ChatPanel.cpp">
      <Filter>Source Files</Filter>
    </ClCompile>
    <ClCompile Include="F:\~dev\rawrxd\src\runtime\TensorExecutionRouter.cpp">
      <Filter>Source Files</Filter>
    </ClCompile>
    <ClCompile Include="F:\~dev\rawrxd\src\runtime\StreamRouterAdapter.cpp">
      <Filter>Source Files</Filter>
    </ClCompile>
    <ClCompile Include="F:\~dev\rawrxd\src\runtime\memory\TransferScheduler.cpp">
      <Filter>Source Files</Filter>
    </ClCompile>
    <ClCompile Include="F:\~dev\rawrxd\src\runtime\memory\PredictiveMemoryManager.cpp">
      <Filter>Source Files</Filter>
    </ClCompile>
    <ClCompile Include="F:\~dev\rawrxd\src\runtime\memory\ResidencyTracker.cpp">
      <Filter>Source Files</Filter>
    </ClCompile>
    <ClCompile Include="F:\~dev\rawrxd\src\runtime\memory\WorkingSetPredictor.cpp">
      <Filter>Source Files</Filter>
    </ClCompile>
    <ClCompile Include="F:\~dev\rawrxd\src\runtime\memory\CapacityManager.cpp">
      <Filter>Source Files</Filter>
    </ClCompile>
    <ClCompile Include="F:\~dev\rawrxd\src\runtime\memory\TensorPlacementManager.cpp">
      <Filter>Source Files</Filter>
    </ClCompile>
    <ClCompile Include="F:\~dev\rawrxd\B014\build\b014_profiler.cpp">
      <Filter>Source Files</Filter>
    </ClCompile>
    <ClCompile Include="F:\~dev\rawrxd\src\deep2\Deep2Engine.cpp">
      <Filter>Source Files</Filter>
    </ClCompile>
    <ClCompile Include="F:\~dev\rawrxd\src\deep2\CycloneScheduler.cpp">
      <Filter>Source Files</Filter>
    </ClCompile>
    <ClCompile Include="F:\~dev\rawrxd\src\deep2\PlasmaGovernor.cpp">
      <Filter>Source Files</Filter>
    </ClCompile>
    <ClCompile Include="F:\~dev\rawrxd\src\deep2\ElasticResidencyManager.cpp">
      <Filter>Source Files</Filter>
    </ClCompile>
    <ClCompile Include="F:\~dev\rawrxd\src\deep2\mars\MARSController.cpp">
      <Filter>Source Files</Filter>
    </ClCompile>
    <ClCompile Include="F:\~dev\rawrxd\src\deep2\MoERouter.cpp">
      <Filter>Source Files</Filter>
    </ClCompile>
    <ClCompile Include="F:\~dev\rawrxd\src\deep2\CompressedKVCache.cpp">
      <Filter>Source Files</Filter>
    </ClCompile>
    <ClCompile Include="F:\~dev\rawrxd\src\deep2\NVMeStream.cpp">
      <Filter>Source Files</Filter>
    </ClCompile>
    <ClCompile Include="F:\~dev\rawrxd\src\deep2\QuantKernelRegistry.cpp">
      <Filter>Source Files</Filter>
    </ClCompile>
    <ClCompile Include="F:\~dev\rawrxd\src\deep2\StreamRouter.cpp">
      <Filter>Source Files</Filter>
    </ClCompile>
    <ClCompile Include="F:\~dev\rawrxd\src\deep2\Deep2ExecutionGraph.cpp">
      <Filter>Source Files</Filter>
    </ClCompile>
    <ClCompile Include="F:\~dev\rawrxd\src\deep2\Deep2InferenceEndpoint.cpp">
      <Filter>Source Files</Filter>
    </ClCompile>
    <ClCompile Include="F:\~dev\rawrxd\src\core\sdma\sdma_scheduler.cpp">
      <Filter>Source Files</Filter>
    </ClCompile>
    <ClCompile Include="F:\~dev\rawrxd\src\core\sdma\sdma_ring_allocator.cpp">
      <Filter>Source Files</Filter>
    </ClCompile>
    <ClCompile Include="F:\~dev\rawrxd\src\core\workspace_reasoning_profiles.cpp">
      <Filter>Source Files</Filter>
    </ClCompile>
    <ClCompile Include="F:\~dev\rawrxd\src\core\reasoning_schema_versioning.cpp">
      <Filter>Source Files</Filter>
    </ClCompile>
    <ClCompile Include="F:\~dev\rawrxd\src\core\safe_refactor_engine.cpp">
      <Filter>Source Files</Filter>
    </ClCompile>
    <ClCompile Include="F:\~dev\rawrxd\src\runtime\shared\BP1BraidStreamer.cpp">
      <Filter>Source Files</Filter>
    </ClCompile>
    <ClCompile Include="F:\~dev\rawrxd\src\backend\VulkanGemmDispatcher.cpp">
      <Filter>Source Files</Filter>
    </ClCompile>
    <ClCompile Include="F:\~dev\rawrxd\src\closure\RawrXDAutoClosure.cpp">
      <Filter>Source Files</Filter>
    </ClCompile>
    <ClCompile Include="F:\~dev\rawrxd\src\core\runtime_symbol_bridge.cpp">
      <Filter>Source Files</Filter>
    </ClCompile>
    <ClCompile Include="F:\~dev\rawrxd\src\core\inference_link_production.cpp">
      <Filter>Source Files</Filter>
    </ClCompile>
    <ClCompile Include="F:\~dev\rawrxd\src\core\win32ide_asm_kernel_bridge.cpp">
      <Filter>Source Files</Filter>
    </ClCompile>
    <ClCompile Include="F:\~dev\rawrxd\src\core\kquant_nonmsvc.cpp">
      <Filter>Source Files</Filter>
    </ClCompile>
    <ClCompile Include="F:\~dev\rawrxd\src\agentic\RawrXDAgenticE2E.cpp">
      <Filter>Source Files</Filter>
    </ClCompile>
    <ClCompile Include="F:\~dev\rawrxd\src\win32app\ide_agentic_gate.cpp">
      <Filter>Source Files</Filter>
    </ClCompile>
    <ClCompile Include="F:\~dev\rawrxd\src\core\live_binary_patcher.cpp">
      <Filter>Source Files</Filter>
    </ClCompile>
    <ClCompile Include="F:\~dev\rawrxd\src\agentic\AgentOllamaClient.cpp">
      <Filter>Source Files</Filter>
    </ClCompile>
    <ClCompile Include="F:\~dev\rawrxd\src\deep2\ReceiptAuthority.cpp">
      <Filter>Source Files</Filter>
    </ClCompile>
    <ClCompile Include="F:\~dev\rawrxd\src\win32app\IDELogger.cpp">
      <Filter>Source Files</Filter>
    </ClCompile>
    <ClCompile Include="F:\~dev\rawrxd\src\core\enterprise_license_manifest.cpp">
      <Filter>Source Files</Filter>
    </ClCompile>
    <ClCompile Include="F:\~dev\rawrxd\src\win32app\Win32IDE_StatusBar.cpp">
      <Filter>Source Files</Filter>
    </ClCompile>
    <ClCompile Include="F:\~dev\rawrxd\src\core\embedding_engine.cpp">
      <Filter>Source Files</Filter>
    </ClCompile>
    <ClCompile Include="F:\~dev\rawrxd\src\core\vision_encoder.cpp">
      <Filter>Source Files</Filter>
    </ClCompile>
    <ClCompile Include="F:\~dev\rawrxd\src\lsp\lsp_hotpatch_impl.cpp">
      <Filter>Source Files</Filter>
    </ClCompile>
    <ClCompile Include="F:\~dev\rawrxd\src\lsp\lsp_hotpatch_bridge_impl.cpp">
      <Filter>Source Files</Filter>
    </ClCompile>
    <ClCompile Include="F:\~dev\rawrxd\src\closure\ToolGateway.cpp">
      <Filter>Source Files</Filter>
    </ClCompile>
    <ClCompile Include="F:\~dev\rawrxd\src\closure\WorkspaceGuard.cpp">
      <Filter>Source Files</Filter>
    </ClCompile>
    <ClCompile Include="F:\~dev\rawrxd\src\agent\local_reasoning_engine_real.cpp">
      <Filter>Source Files</Filter>
    </ClCompile>
    <ClCompile Include="F:\~dev\rawrxd\src\agent\local_reasoning_integration.cpp">
      <Filter>Source Files</Filter>
    </ClCompile>
    <ClCompile Include="F:\~dev\rawrxd\src\core\autonomous_workflow_engine.cpp">
      <Filter>Source Files</Filter>
    </ClCompile>
    <ClCompile Include="F:\~dev\rawrxd\src\core\agentic_task_graph.cpp">
      <Filter>Source Files</Filter>
    </ClCompile>
    <ClCompile Include="F:\~dev\rawrxd\src\core\pdb_native.cpp">
      <Filter>Source Files</Filter>
    </ClCompile>
    <ClCompile Include="F:\~dev\rawrxd\src\core\pdb_gsi_hash.cpp">
      <Filter>Source Files</Filter>
    </ClCompile>
    <ClCompile Include="F:\~dev\rawrxd\src\core\win32ide_debugger_bridge.cpp">
      <Filter>Source Files</Filter>
    </ClCompile>
    <ClCompile Include="F:\~dev\rawrxd\src\core\win32ide_quadbuffer_bridge.cpp">
      <Filter>Source Files</Filter>
    </ClCompile>
    <ClCompile Include="F:\~dev\rawrxd\src\reverse_engineering\re_api_bridge.cpp">
      <Filter>Source Files</Filter>
    </ClCompile>
    <ClCompile Include="F:\~dev\rawrxd\src\reverse_engineering\disassembler.cpp">
      <Filter>Source Files</Filter>
    </ClCompile>
  </ItemGroup>
  <ItemGroup>
    <CustomBuild Include="F:\~dev\rawrxd\CMakeLists.txt" />
  </ItemGroup>
  <ItemGroup>
    <MASM Include="F:\~dev\rawrxd\src\asm\webview2_masm64_dispatcher.asm" />
    <MASM Include="F:\~dev\rawrxd\src\asm\view_state_x64.asm" />
    <MASM Include="F:\~dev\rawrxd\src\asm\tensor_masm.asm" />
    <MASM Include="F:\~dev\rawrxd\src\asm\rawr_globals.asm" />
    <MASM Include="F:\~dev\rawrxd\src\asm\rawr_cpu_features.asm" />
    <MASM Include="F:\~dev\rawrxd\src\asm\inference_core.asm" />
    <MASM Include="F:\~dev\rawrxd\src\asm\FlashAttention_AVX512.asm" />
    <MASM Include="F:\~dev\rawrxd\src\asm\quant_avx2.asm" />
    <MASM Include="F:\~dev\rawrxd\src\asm\RawrXD_KQuant_Dequant.asm" />
    <MASM Include="F:\~dev\rawrxd\src\asm\RawrXD_AVX512_Dequant_BPE.asm" />
    <MASM Include="F:\~dev\rawrxd\src\asm\RawrXD_PDBKernel_v3.asm" />
    <MASM Include="F:\~dev\rawrxd\src\asm\RawrXD_ModuleEngine.asm" />
    <MASM Include="F:\~dev\rawrxd\src\asm\request_patch.asm" />
    <MASM Include="F:\~dev\rawrxd\src\asm\inference_kernels.asm" />
    <MASM Include="F:\~dev\rawrxd\src\asm\model_bridge_x64.asm" />
    <MASM Include="F:\~dev\rawrxd\src\asm\model_streamer_x64.asm" />
    <MASM Include="F:\~dev\rawrxd\src\asm\RawrXD_DualAgent_Orchestrator.asm" />
    <MASM Include="F:\~dev\rawrxd\src\asm\RawrXD_DiskRecoveryAgent.asm" />
    <MASM Include="F:\~dev\rawrxd\src\asm\disk_recovery_scsi.asm" />
    <MASM Include="F:\~dev\rawrxd\src\asm\RawrXD_Prometheus_Exporter.asm" />
    <MASM Include="F:\~dev\rawrxd\src\asm\RawrXD_SelfPatch_Agent.asm" />
    <MASM Include="F:\~dev\rawrxd\src\asm\RawrXD_SourceEdit_Kernel.asm" />
    <MASM Include="F:\~dev\rawrxd\src\asm\feature_dispatch_bridge.asm" />
    <MASM Include="F:\~dev\rawrxd\src\asm\gui_dispatch_bridge.asm" />
    <MASM Include="F:\~dev\rawrxd\src\asm\VulkanKernel_DispatchRaw.asm" />
    <MASM Include="F:\~dev\rawrxd\src\masm\rawrxd_math_masm.asm" />
    <MASM Include="F:\~dev\rawrxd\src\masm\rawrxd_transformer_masm_fixed.asm" />
    <MASM Include="F:\~dev\rawrxd\src\masm\rawrxd_transformer_full.asm" />
    <MASM Include="F:\~dev\rawrxd\src\asm\Sovereign_KernelBridge_MASM.asm" />
    <MASM Include="F:\~dev\rawrxd\src\asm\RawrXD_OverclockGov_Pure.asm" />
    <MASM Include="F:\~dev\rawrxd\src\asm\RawrXD_Emitter_v1.asm" />
    <MASM Include="F:\~dev\rawrxd\src\asm\RawrXD_IPC_Dispatcher.asm" />
    <MASM Include="F:\~dev\rawrxd\src\asm\RawrXD_AuditSystem_Pure.asm" />
    <MASM Include="F:\~dev\rawrxd\src\asm\Advanced_Code_Deobfuscator.asm" />
    <MASM Include="F:\~dev\rawrxd\src\asm\agentic_deep_thinking_kernels.asm" />
    <MASM Include="F:\~dev\rawrxd\src\deep2\sovereign_deep2_kernels.asm" />
    <MASM Include="F:\~dev\rawrxd\src\deep2\sovereign_q4k_gemv.asm" />
    <MASM Include="F:\~dev\rawrxd\src\deep2\sovereign_q4k_gemv_v2.asm" />
    <MASM Include="F:\~dev\rawrxd\src\deep2\sovereign_q2k_gemv_v2.asm" />
    <MASM Include="F:\~dev\rawrxd\src\deep2\sovereign_q3k_gemv_v2.asm" />
    <MASM Include="F:\~dev\rawrxd\src\deep2\sovereign_moe_fused.asm" />
    <MASM Include="F:\~dev\rawrxd\src\sovereign\puppeteer\Puppeteer_CaptureState.asm" />
    <MASM Include="F:\~dev\rawrxd\src\asm\RawrXD_PE_Importer.asm" />
    <MASM Include="F:\~dev\rawrxd\src\asm\RawrXD_PE_Exporter.asm" />
    <MASM Include="F:\~dev\rawrxd\src\asm\ghost_text_ranker.asm" />
    <MASM Include="F:\~dev\rawrxd\src\asm\diff_engine.asm" />
    <MASM Include="F:\~dev\rawrxd\src\asm\RawrXD_HexMag_Swarm.asm" />
    <MASM Include="F:\~dev\rawrxd\src\asm\RawrXD_HexMag_RepeatTuner.asm" />
  </ItemGroup>
  <ItemGroup>
    <ResourceCompile Include="F:\~dev\rawrxd\src\win32app\RawrXD-Win32IDE.rc">
      <Filter>Source Files</Filter>
    </ResourceCompile>
  </ItemGroup>
  <ItemGroup>
    <Filter Include="Source Files">
      <UniqueIdentifier>{C8AE3C13-F7AE-3782-8658-74F5B5043FE2}</UniqueIdentifier>
    </Filter>
  </ItemGroup>
</Project>
