<?xml version="1.0" encoding="utf-8"?>
<Project ToolsVersion="17.0" xmlns="http://schemas.microsoft.com/developer/msbuild/2003">
  <ItemGroup>
    <CustomBuild Include="F:\~dev\rawrxd\certbuild\CMakeFiles\8b73480e35a3fb9d87b350fddf7727f3\regen-ssot-beacons.rule">
      <Filter>CMake Rules</Filter>
    </CustomBuild>
    <CustomBuild Include="F:\~dev\rawrxd\CMakeLists.txt" />
  </ItemGroup>
  <ItemGroup>
    <None Include="F:\~dev\rawrxd\certbuild\CMakeFiles\regen-ssot-beacons" />
  </ItemGroup>
  <ItemGroup>
    <Filter Include="CMake Rules">
      <UniqueIdentifier>{128642F8-93EF-3927-A112-EAFAA9DEA293}</UniqueIdentifier>
    </Filter>
  </ItemGroup>
</Project>
