<?xml version="1.0" encoding="utf-8"?>
<Project ToolsVersion="17.0" xmlns="http://schemas.microsoft.com/developer/msbuild/2003">
  <ItemGroup>
    <CustomBuild Include="F:\~dev\kilo_tmp\ga_run1\CMakeFiles\fcd6c01b9a70a920a4680fb2a9830553\INSTALL_force.rule">
      <Filter>CMake Rules</Filter>
    </CustomBuild>
  </ItemGroup>
  <ItemGroup>
    <Filter Include="CMake Rules">
      <UniqueIdentifier>{796905F9-E14F-30C3-AC40-072E24DA1ACF}</UniqueIdentifier>
    </Filter>
  </ItemGroup>
</Project>
