
Microsoft Visual Studio Solution File, Format Version 12.00
# Visual Studio Version 17
Project("{8BC9CEB8-8B4A-11D0-8D11-00A0C91BC942}") = "ALL_BUILD", "ALL_BUILD.vcxproj", "{14C3DD90-4BD5-31FE-B526-DC7A7F178D61}"
	ProjectSection(ProjectDependencies) = postProject
		{9DCAA2FE-6BD9-3CE2-A718-36D1B6ABDAB3} = {9DCAA2FE-6BD9-3CE2-A718-36D1B6ABDAB3}
		{6B7A08E0-62B0-38E2-B60E-E89AEEAFB2BB} = {6B7A08E0-62B0-38E2-B60E-E89AEEAFB2BB}
		{4B6CAE19-3813-3AF1-A93B-788731C6E16B} = {4B6CAE19-3813-3AF1-A93B-788731C6E16B}
		{43B31B2B-A4C9-35C4-97A7-D0ED538394E4} = {43B31B2B-A4C9-35C4-97A7-D0ED538394E4}
		{3ED3CE53-7486-34C3-88B5-D582F63D1F44} = {3ED3CE53-7486-34C3-88B5-D582F63D1F44}
		{42DA24F4-55D4-3D70-83D9-D8051274F3B5} = {42DA24F4-55D4-3D70-83D9-D8051274F3B5}
		{001BE3ED-C47A-3E60-BD5F-61261C985E9B} = {001BE3ED-C47A-3E60-BD5F-61261C985E9B}
	EndProjectSection
EndProject
Project("{8BC9CEB8-8B4A-11D0-8D11-00A0C91BC942}") = "ZERO_CHECK", "ZERO_CHECK.vcxproj", "{9DCAA2FE-6BD9-3CE2-A718-36D1B6ABDAB3}"
	ProjectSection(ProjectDependencies) = postProject
	EndProjectSection
EndProject
Project("{8BC9CEB8-8B4A-11D0-8D11-00A0C91BC942}") = "fleet_gate", "fleet_gate.vcxproj", "{6B7A08E0-62B0-38E2-B60E-E89AEEAFB2BB}"
	ProjectSection(ProjectDependencies) = postProject
		{9DCAA2FE-6BD9-3CE2-A718-36D1B6ABDAB3} = {9DCAA2FE-6BD9-3CE2-A718-36D1B6ABDAB3}
	EndProjectSection
EndProject
Project("{8BC9CEB8-8B4A-11D0-8D11-00A0C91BC942}") = "q4k_kernel_parity_test", "q4k_kernel_parity_test.vcxproj", "{4B6CAE19-3813-3AF1-A93B-788731C6E16B}"
	ProjectSection(ProjectDependencies) = postProject
		{9DCAA2FE-6BD9-3CE2-A718-36D1B6ABDAB3} = {9DCAA2FE-6BD9-3CE2-A718-36D1B6ABDAB3}
	EndProjectSection
EndProject
Project("{8BC9CEB8-8B4A-11D0-8D11-00A0C91BC942}") = "q4k_vecdot_parity_gate", "q4k_vecdot_parity_gate.vcxproj", "{43B31B2B-A4C9-35C4-97A7-D0ED538394E4}"
	ProjectSection(ProjectDependencies) = postProject
		{9DCAA2FE-6BD9-3CE2-A718-36D1B6ABDAB3} = {9DCAA2FE-6BD9-3CE2-A718-36D1B6ABDAB3}
	EndProjectSection
EndProject
Project("{8BC9CEB8-8B4A-11D0-8D11-00A0C91BC942}") = "q6k_kernel_parity_test", "q6k_kernel_parity_test.vcxproj", "{3ED3CE53-7486-34C3-88B5-D582F63D1F44}"
	ProjectSection(ProjectDependencies) = postProject
		{9DCAA2FE-6BD9-3CE2-A718-36D1B6ABDAB3} = {9DCAA2FE-6BD9-3CE2-A718-36D1B6ABDAB3}
	EndProjectSection
EndProject
Project("{8BC9CEB8-8B4A-11D0-8D11-00A0C91BC942}") = "qwen2_oracle_gate", "qwen2_oracle_gate.vcxproj", "{42DA24F4-55D4-3D70-83D9-D8051274F3B5}"
	ProjectSection(ProjectDependencies) = postProject
		{9DCAA2FE-6BD9-3CE2-A718-36D1B6ABDAB3} = {9DCAA2FE-6BD9-3CE2-A718-36D1B6ABDAB3}
	EndProjectSection
EndProject
Project("{8BC9CEB8-8B4A-11D0-8D11-00A0C91BC942}") = "tok_probe", "tok_probe.vcxproj", "{001BE3ED-C47A-3E60-BD5F-61261C985E9B}"
	ProjectSection(ProjectDependencies) = postProject
		{9DCAA2FE-6BD9-3CE2-A718-36D1B6ABDAB3} = {9DCAA2FE-6BD9-3CE2-A718-36D1B6ABDAB3}
	EndProjectSection
EndProject
Global
	GlobalSection(SolutionConfigurationPlatforms) = preSolution
		Debug|x64 = Debug|x64
		Release|x64 = Release|x64
		MinSizeRel|x64 = MinSizeRel|x64
		RelWithDebInfo|x64 = RelWithDebInfo|x64
	EndGlobalSection
	GlobalSection(ProjectConfigurationPlatforms) = postSolution
		{14C3DD90-4BD5-31FE-B526-DC7A7F178D61}.Debug|x64.ActiveCfg = Debug|x64
		{14C3DD90-4BD5-31FE-B526-DC7A7F178D61}.Release|x64.ActiveCfg = Release|x64
		{14C3DD90-4BD5-31FE-B526-DC7A7F178D61}.MinSizeRel|x64.ActiveCfg = MinSizeRel|x64
		{14C3DD90-4BD5-31FE-B526-DC7A7F178D61}.RelWithDebInfo|x64.ActiveCfg = RelWithDebInfo|x64
		{9DCAA2FE-6BD9-3CE2-A718-36D1B6ABDAB3}.Debug|x64.ActiveCfg = Debug|x64
		{9DCAA2FE-6BD9-3CE2-A718-36D1B6ABDAB3}.Debug|x64.Build.0 = Debug|x64
		{9DCAA2FE-6BD9-3CE2-A718-36D1B6ABDAB3}.Release|x64.ActiveCfg = Release|x64
		{9DCAA2FE-6BD9-3CE2-A718-36D1B6ABDAB3}.Release|x64.Build.0 = Release|x64
		{9DCAA2FE-6BD9-3CE2-A718-36D1B6ABDAB3}.MinSizeRel|x64.ActiveCfg = MinSizeRel|x64
		{9DCAA2FE-6BD9-3CE2-A718-36D1B6ABDAB3}.MinSizeRel|x64.Build.0 = MinSizeRel|x64
		{9DCAA2FE-6BD9-3CE2-A718-36D1B6ABDAB3}.RelWithDebInfo|x64.ActiveCfg = RelWithDebInfo|x64
		{9DCAA2FE-6BD9-3CE2-A718-36D1B6ABDAB3}.RelWithDebInfo|x64.Build.0 = RelWithDebInfo|x64
		{6B7A08E0-62B0-38E2-B60E-E89AEEAFB2BB}.Debug|x64.ActiveCfg = Debug|x64
		{6B7A08E0-62B0-38E2-B60E-E89AEEAFB2BB}.Debug|x64.Build.0 = Debug|x64
		{6B7A08E0-62B0-38E2-B60E-E89AEEAFB2BB}.Release|x64.ActiveCfg = Release|x64
		{6B7A08E0-62B0-38E2-B60E-E89AEEAFB2BB}.Release|x64.Build.0 = Release|x64
		{6B7A08E0-62B0-38E2-B60E-E89AEEAFB2BB}.MinSizeRel|x64.ActiveCfg = MinSizeRel|x64
		{6B7A08E0-62B0-38E2-B60E-E89AEEAFB2BB}.MinSizeRel|x64.Build.0 = MinSizeRel|x64
		{6B7A08E0-62B0-38E2-B60E-E89AEEAFB2BB}.RelWithDebInfo|x64.ActiveCfg = RelWithDebInfo|x64
		{6B7A08E0-62B0-38E2-B60E-E89AEEAFB2BB}.RelWithDebInfo|x64.Build.0 = RelWithDebInfo|x64
		{4B6CAE19-3813-3AF1-A93B-788731C6E16B}.Debug|x64.ActiveCfg = Debug|x64
		{4B6CAE19-3813-3AF1-A93B-788731C6E16B}.Debug|x64.Build.0 = Debug|x64
		{4B6CAE19-3813-3AF1-A93B-788731C6E16B}.Release|x64.ActiveCfg = Release|x64
		{4B6CAE19-3813-3AF1-A93B-788731C6E16B}.Release|x64.Build.0 = Release|x64
		{4B6CAE19-3813-3AF1-A93B-788731C6E16B}.MinSizeRel|x64.ActiveCfg = MinSizeRel|x64
		{4B6CAE19-3813-3AF1-A93B-788731C6E16B}.MinSizeRel|x64.Build.0 = MinSizeRel|x64
		{4B6CAE19-3813-3AF1-A93B-788731C6E16B}.RelWithDebInfo|x64.ActiveCfg = RelWithDebInfo|x64
		{4B6CAE19-3813-3AF1-A93B-788731C6E16B}.RelWithDebInfo|x64.Build.0 = RelWithDebInfo|x64
		{43B31B2B-A4C9-35C4-97A7-D0ED538394E4}.Debug|x64.ActiveCfg = Debug|x64
		{43B31B2B-A4C9-35C4-97A7-D0ED538394E4}.Debug|x64.Build.0 = Debug|x64
		{43B31B2B-A4C9-35C4-97A7-D0ED538394E4}.Release|x64.ActiveCfg = Release|x64
		{43B31B2B-A4C9-35C4-97A7-D0ED538394E4}.Release|x64.Build.0 = Release|x64
		{43B31B2B-A4C9-35C4-97A7-D0ED538394E4}.MinSizeRel|x64.ActiveCfg = MinSizeRel|x64
		{43B31B2B-A4C9-35C4-97A7-D0ED538394E4}.MinSizeRel|x64.Build.0 = MinSizeRel|x64
		{43B31B2B-A4C9-35C4-97A7-D0ED538394E4}.RelWithDebInfo|x64.ActiveCfg = RelWithDebInfo|x64
		{43B31B2B-A4C9-35C4-97A7-D0ED538394E4}.RelWithDebInfo|x64.Build.0 = RelWithDebInfo|x64
		{3ED3CE53-7486-34C3-88B5-D582F63D1F44}.Debug|x64.ActiveCfg = Debug|x64
		{3ED3CE53-7486-34C3-88B5-D582F63D1F44}.Debug|x64.Build.0 = Debug|x64
		{3ED3CE53-7486-34C3-88B5-D582F63D1F44}.Release|x64.ActiveCfg = Release|x64
		{3ED3CE53-7486-34C3-88B5-D582F63D1F44}.Release|x64.Build.0 = Release|x64
		{3ED3CE53-7486-34C3-88B5-D582F63D1F44}.MinSizeRel|x64.ActiveCfg = MinSizeRel|x64
		{3ED3CE53-7486-34C3-88B5-D582F63D1F44}.MinSizeRel|x64.Build.0 = MinSizeRel|x64
		{3ED3CE53-7486-34C3-88B5-D582F63D1F44}.RelWithDebInfo|x64.ActiveCfg = RelWithDebInfo|x64
		{3ED3CE53-7486-34C3-88B5-D582F63D1F44}.RelWithDebInfo|x64.Build.0 = RelWithDebInfo|x64
		{42DA24F4-55D4-3D70-83D9-D8051274F3B5}.Debug|x64.ActiveCfg = Debug|x64
		{42DA24F4-55D4-3D70-83D9-D8051274F3B5}.Debug|x64.Build.0 = Debug|x64
		{42DA24F4-55D4-3D70-83D9-D8051274F3B5}.Release|x64.ActiveCfg = Release|x64
		{42DA24F4-55D4-3D70-83D9-D8051274F3B5}.Release|x64.Build.0 = Release|x64
		{42DA24F4-55D4-3D70-83D9-D8051274F3B5}.MinSizeRel|x64.ActiveCfg = MinSizeRel|x64
		{42DA24F4-55D4-3D70-83D9-D8051274F3B5}.MinSizeRel|x64.Build.0 = MinSizeRel|x64
		{42DA24F4-55D4-3D70-83D9-D8051274F3B5}.RelWithDebInfo|x64.ActiveCfg = RelWithDebInfo|x64
		{42DA24F4-55D4-3D70-83D9-D8051274F3B5}.RelWithDebInfo|x64.Build.0 = RelWithDebInfo|x64
		{001BE3ED-C47A-3E60-BD5F-61261C985E9B}.Debug|x64.ActiveCfg = Debug|x64
		{001BE3ED-C47A-3E60-BD5F-61261C985E9B}.Debug|x64.Build.0 = Debug|x64
		{001BE3ED-C47A-3E60-BD5F-61261C985E9B}.Release|x64.ActiveCfg = Release|x64
		{001BE3ED-C47A-3E60-BD5F-61261C985E9B}.Release|x64.Build.0 = Release|x64
		{001BE3ED-C47A-3E60-BD5F-61261C985E9B}.MinSizeRel|x64.ActiveCfg = MinSizeRel|x64
		{001BE3ED-C47A-3E60-BD5F-61261C985E9B}.MinSizeRel|x64.Build.0 = MinSizeRel|x64
		{001BE3ED-C47A-3E60-BD5F-61261C985E9B}.RelWithDebInfo|x64.ActiveCfg = RelWithDebInfo|x64
		{001BE3ED-C47A-3E60-BD5F-61261C985E9B}.RelWithDebInfo|x64.Build.0 = RelWithDebInfo|x64
	EndGlobalSection
	GlobalSection(ExtensibilityGlobals) = postSolution
		SolutionGuid = {2E290E04-2468-3B10-9536-0EAEE5D0971A}
	EndGlobalSection
	GlobalSection(ExtensibilityAddIns) = postSolution
	EndGlobalSection
EndGlobal
