<?xml version="1.0" encoding="utf-8"?>
<Project ToolsVersion="17.0" xmlns="http://schemas.microsoft.com/developer/msbuild/2003">
  <ItemGroup>
    <CustomBuild Include="F:\~dev\rawrxd\cmlink\CMakeFiles\e34f40d2a414ffae2894568b031bbc68\model_llm_harvester.obj.rule">
      <Filter>CMake Rules</Filter>
    </CustomBuild>
    <CustomBuild Include="F:\~dev\rawrxd\cmlink\CMakeFiles\c1e4855eb8374aabf6981e0806b1852d\re_model_reverse.rule">
      <Filter>CMake Rules</Filter>
    </CustomBuild>
    <CustomBuild Include="F:\~dev\rawrxd\src\reverse_engineering\CMakeLists.txt" />
  </ItemGroup>
  <ItemGroup>
    <None Include="F:\~dev\rawrxd\cmlink\src\reverse_engineering\CMakeFiles\re_model_reverse" />
  </ItemGroup>
  <ItemGroup>
    <Filter Include="CMake Rules">
      <UniqueIdentifier>{7C9C3A2F-DB64-330F-81A0-A79FFE8EB2A1}</UniqueIdentifier>
    </Filter>
  </ItemGroup>
</Project>
