<?xml version="1.0" encoding="utf-8"?>
<Project ToolsVersion="17.0" xmlns="http://schemas.microsoft.com/developer/msbuild/2003">
  <ItemGroup>
    <CustomBuild Include="F:\~dev\kilo_tmp\ga_run1\CMakeFiles\7dcc5a6f54746eec59318afd2c5df117\rawr_term_x64.obj.rule">
      <Filter>CMake Rules</Filter>
    </CustomBuild>
    <CustomBuild Include="F:\~dev\kilo_tmp\ga_run1\CMakeFiles\ff5258a0c9075b4b8bb0caefdc06389e\rawr_term_x64_asm.rule">
      <Filter>CMake Rules</Filter>
    </CustomBuild>
    <CustomBuild Include="F:\~dev\rawrxd\CMakeLists.txt" />
  </ItemGroup>
  <ItemGroup>
    <None Include="F:\~dev\kilo_tmp\ga_run1\CMakeFiles\rawr_term_x64_asm" />
  </ItemGroup>
  <ItemGroup>
    <Filter Include="CMake Rules">
      <UniqueIdentifier>{796905F9-E14F-30C3-AC40-072E24DA1ACF}</UniqueIdentifier>
    </Filter>
  </ItemGroup>
</Project>
