<?xml version="1.0" encoding="utf-8"?>
<Project ToolsVersion="17.0" xmlns="http://schemas.microsoft.com/developer/msbuild/2003">
  <ItemGroup>
    <ClCompile Include="F:\~dev\rawrxd\tests\test_gguf_tensor_bounds.cpp">
      <Filter>Source Files</Filter>
    </ClCompile>
  </ItemGroup>
  <ItemGroup>
    <CustomBuild Include="F:\~dev\rawrxd\CMakeLists.txt" />
  </ItemGroup>
  <ItemGroup>
    <Filter Include="Source Files">
      <UniqueIdentifier>{8592AB5F-1391-345A-8B25-4E1F07045663}</UniqueIdentifier>
    </Filter>
  </ItemGroup>
</Project>
