<?xml version="1.0" encoding="utf-8"?>
<Project ToolsVersion="17.0" xmlns="http://schemas.microsoft.com/developer/msbuild/2003">
  <ItemGroup>
    <CustomBuild Include="F:\~dev\kilo_tmp\census_b\CMakeFiles\8132a225981cee88922f5d550f96bd26\RUN_TESTS_force.rule">
      <Filter>CMake Rules</Filter>
    </CustomBuild>
  </ItemGroup>
  <ItemGroup>
    <Filter Include="CMake Rules">
      <UniqueIdentifier>{FBD680C9-79E8-3810-8A22-83C26AE12DBA}</UniqueIdentifier>
    </Filter>
  </ItemGroup>
</Project>
