
Microsoft Visual Studio Solution File, Format Version 12.00
# Visual Studio Version 17
Project("{8BC9CEB8-8B4A-11D0-8D11-00A0C91BC942}") = "ALL_BUILD", "ALL_BUILD.vcxproj", "{B9C6871F-41A7-36BF-A5B6-BC223B03A2D5}"
	ProjectSection(ProjectDependencies) = postProject
		{2648029F-2A87-37DC-B9E2-55CFD27E4E3D} = {2648029F-2A87-37DC-B9E2-55CFD27E4E3D}
		{EE300F08-C5AD-382D-9F4C-403BD621BE40} = {EE300F08-C5AD-382D-9F4C-403BD621BE40}
		{C5FBF979-475C-3E9B-8ED3-2E5771E9BC88} = {C5FBF979-475C-3E9B-8ED3-2E5771E9BC88}
		{44F445AE-63A1-3D86-AAA7-ABD1CE328AB9} = {44F445AE-63A1-3D86-AAA7-ABD1CE328AB9}
	EndProjectSection
EndProject
Project("{8BC9CEB8-8B4A-11D0-8D11-00A0C91BC942}") = "Continuous", "Continuous.vcxproj", "{08FF66A3-719F-34B7-8AD6-17A20D3ECA18}"
	ProjectSection(ProjectDependencies) = postProject
		{EE300F08-C5AD-382D-9F4C-403BD621BE40} = {EE300F08-C5AD-382D-9F4C-403BD621BE40}
	EndProjectSection
EndProject
Project("{8BC9CEB8-8B4A-11D0-8D11-00A0C91BC942}") = "Experimental", "Experimental.vcxproj", "{C34BD94F-E584-3CE9-8871-DBA4402422D1}"
	ProjectSection(ProjectDependencies) = postProject
		{EE300F08-C5AD-382D-9F4C-403BD621BE40} = {EE300F08-C5AD-382D-9F4C-403BD621BE40}
	EndProjectSection
EndProject
Project("{8BC9CEB8-8B4A-11D0-8D11-00A0C91BC942}") = "Nightly", "Nightly.vcxproj", "{3AA08147-353D-3E98-B998-86FFF794A930}"
	ProjectSection(ProjectDependencies) = postProject
		{EE300F08-C5AD-382D-9F4C-403BD621BE40} = {EE300F08-C5AD-382D-9F4C-403BD621BE40}
	EndProjectSection
EndProject
Project("{8BC9CEB8-8B4A-11D0-8D11-00A0C91BC942}") = "NightlyMemoryCheck", "NightlyMemoryCheck.vcxproj", "{B1DA8C0A-B7EC-3343-85B2-111073059022}"
	ProjectSection(ProjectDependencies) = postProject
		{EE300F08-C5AD-382D-9F4C-403BD621BE40} = {EE300F08-C5AD-382D-9F4C-403BD621BE40}
	EndProjectSection
EndProject
Project("{8BC9CEB8-8B4A-11D0-8D11-00A0C91BC942}") = "RUN_TESTS", "RUN_TESTS.vcxproj", "{FA9EB4B7-2C17-3924-9FD7-3F27ECE96EB5}"
	ProjectSection(ProjectDependencies) = postProject
		{EE300F08-C5AD-382D-9F4C-403BD621BE40} = {EE300F08-C5AD-382D-9F4C-403BD621BE40}
	EndProjectSection
EndProject
Project("{8BC9CEB8-8B4A-11D0-8D11-00A0C91BC942}") = "RawrXD-ValuePack2", "RawrXD-ValuePack2.vcxproj", "{2648029F-2A87-37DC-B9E2-55CFD27E4E3D}"
	ProjectSection(ProjectDependencies) = postProject
		{EE300F08-C5AD-382D-9F4C-403BD621BE40} = {EE300F08-C5AD-382D-9F4C-403BD621BE40}
	EndProjectSection
EndProject
Project("{8BC9CEB8-8B4A-11D0-8D11-00A0C91BC942}") = "ZERO_CHECK", "ZERO_CHECK.vcxproj", "{EE300F08-C5AD-382D-9F4C-403BD621BE40}"
	ProjectSection(ProjectDependencies) = postProject
	EndProjectSection
EndProject
Project("{8BC9CEB8-8B4A-11D0-8D11-00A0C91BC942}") = "rawrxd-value-pack2", "rawrxd-value-pack2.vcxproj", "{C5FBF979-475C-3E9B-8ED3-2E5771E9BC88}"
	ProjectSection(ProjectDependencies) = postProject
		{2648029F-2A87-37DC-B9E2-55CFD27E4E3D} = {2648029F-2A87-37DC-B9E2-55CFD27E4E3D}
		{EE300F08-C5AD-382D-9F4C-403BD621BE40} = {EE300F08-C5AD-382D-9F4C-403BD621BE40}
	EndProjectSection
EndProject
Project("{8BC9CEB8-8B4A-11D0-8D11-00A0C91BC942}") = "rawrxd-value-pack2-test", "rawrxd-value-pack2-test.vcxproj", "{44F445AE-63A1-3D86-AAA7-ABD1CE328AB9}"
	ProjectSection(ProjectDependencies) = postProject
		{2648029F-2A87-37DC-B9E2-55CFD27E4E3D} = {2648029F-2A87-37DC-B9E2-55CFD27E4E3D}
		{EE300F08-C5AD-382D-9F4C-403BD621BE40} = {EE300F08-C5AD-382D-9F4C-403BD621BE40}
	EndProjectSection
EndProject
Global
	GlobalSection(SolutionConfigurationPlatforms) = preSolution
		Debug|x64 = Debug|x64
		Release|x64 = Release|x64
		MinSizeRel|x64 = MinSizeRel|x64
		RelWithDebInfo|x64 = RelWithDebInfo|x64
	EndGlobalSection
	GlobalSection(ProjectConfigurationPlatforms) = postSolution
		{B9C6871F-41A7-36BF-A5B6-BC223B03A2D5}.Debug|x64.ActiveCfg = Debug|x64
		{B9C6871F-41A7-36BF-A5B6-BC223B03A2D5}.Release|x64.ActiveCfg = Release|x64
		{B9C6871F-41A7-36BF-A5B6-BC223B03A2D5}.MinSizeRel|x64.ActiveCfg = MinSizeRel|x64
		{B9C6871F-41A7-36BF-A5B6-BC223B03A2D5}.RelWithDebInfo|x64.ActiveCfg = RelWithDebInfo|x64
		{08FF66A3-719F-34B7-8AD6-17A20D3ECA18}.Debug|x64.ActiveCfg = Debug|x64
		{08FF66A3-719F-34B7-8AD6-17A20D3ECA18}.Release|x64.ActiveCfg = Release|x64
		{08FF66A3-719F-34B7-8AD6-17A20D3ECA18}.MinSizeRel|x64.ActiveCfg = MinSizeRel|x64
		{08FF66A3-719F-34B7-8AD6-17A20D3ECA18}.RelWithDebInfo|x64.ActiveCfg = RelWithDebInfo|x64
		{C34BD94F-E584-3CE9-8871-DBA4402422D1}.Debug|x64.ActiveCfg = Debug|x64
		{C34BD94F-E584-3CE9-8871-DBA4402422D1}.Release|x64.ActiveCfg = Release|x64
		{C34BD94F-E584-3CE9-8871-DBA4402422D1}.MinSizeRel|x64.ActiveCfg = MinSizeRel|x64
		{C34BD94F-E584-3CE9-8871-DBA4402422D1}.RelWithDebInfo|x64.ActiveCfg = RelWithDebInfo|x64
		{3AA08147-353D-3E98-B998-86FFF794A930}.Debug|x64.ActiveCfg = Debug|x64
		{3AA08147-353D-3E98-B998-86FFF794A930}.Release|x64.ActiveCfg = Release|x64
		{3AA08147-353D-3E98-B998-86FFF794A930}.MinSizeRel|x64.ActiveCfg = MinSizeRel|x64
		{3AA08147-353D-3E98-B998-86FFF794A930}.RelWithDebInfo|x64.ActiveCfg = RelWithDebInfo|x64
		{B1DA8C0A-B7EC-3343-85B2-111073059022}.Debug|x64.ActiveCfg = Debug|x64
		{B1DA8C0A-B7EC-3343-85B2-111073059022}.Release|x64.ActiveCfg = Release|x64
		{B1DA8C0A-B7EC-3343-85B2-111073059022}.MinSizeRel|x64.ActiveCfg = MinSizeRel|x64
		{B1DA8C0A-B7EC-3343-85B2-111073059022}.RelWithDebInfo|x64.ActiveCfg = RelWithDebInfo|x64
		{FA9EB4B7-2C17-3924-9FD7-3F27ECE96EB5}.Debug|x64.ActiveCfg = Debug|x64
		{FA9EB4B7-2C17-3924-9FD7-3F27ECE96EB5}.Release|x64.ActiveCfg = Release|x64
		{FA9EB4B7-2C17-3924-9FD7-3F27ECE96EB5}.MinSizeRel|x64.ActiveCfg = MinSizeRel|x64
		{FA9EB4B7-2C17-3924-9FD7-3F27ECE96EB5}.RelWithDebInfo|x64.ActiveCfg = RelWithDebInfo|x64
		{2648029F-2A87-37DC-B9E2-55CFD27E4E3D}.Debug|x64.ActiveCfg = Debug|x64
		{2648029F-2A87-37DC-B9E2-55CFD27E4E3D}.Debug|x64.Build.0 = Debug|x64
		{2648029F-2A87-37DC-B9E2-55CFD27E4E3D}.Release|x64.ActiveCfg = Release|x64
		{2648029F-2A87-37DC-B9E2-55CFD27E4E3D}.Release|x64.Build.0 = Release|x64
		{2648029F-2A87-37DC-B9E2-55CFD27E4E3D}.MinSizeRel|x64.ActiveCfg = MinSizeRel|x64
		{2648029F-2A87-37DC-B9E2-55CFD27E4E3D}.MinSizeRel|x64.Build.0 = MinSizeRel|x64
		{2648029F-2A87-37DC-B9E2-55CFD27E4E3D}.RelWithDebInfo|x64.ActiveCfg = RelWithDebInfo|x64
		{2648029F-2A87-37DC-B9E2-55CFD27E4E3D}.RelWithDebInfo|x64.Build.0 = RelWithDebInfo|x64
		{EE300F08-C5AD-382D-9F4C-403BD621BE40}.Debug|x64.ActiveCfg = Debug|x64
		{EE300F08-C5AD-382D-9F4C-403BD621BE40}.Debug|x64.Build.0 = Debug|x64
		{EE300F08-C5AD-382D-9F4C-403BD621BE40}.Release|x64.ActiveCfg = Release|x64
		{EE300F08-C5AD-382D-9F4C-403BD621BE40}.Release|x64.Build.0 = Release|x64
		{EE300F08-C5AD-382D-9F4C-403BD621BE40}.MinSizeRel|x64.ActiveCfg = MinSizeRel|x64
		{EE300F08-C5AD-382D-9F4C-403BD621BE40}.MinSizeRel|x64.Build.0 = MinSizeRel|x64
		{EE300F08-C5AD-382D-9F4C-403BD621BE40}.RelWithDebInfo|x64.ActiveCfg = RelWithDebInfo|x64
		{EE300F08-C5AD-382D-9F4C-403BD621BE40}.RelWithDebInfo|x64.Build.0 = RelWithDebInfo|x64
		{C5FBF979-475C-3E9B-8ED3-2E5771E9BC88}.Debug|x64.ActiveCfg = Debug|x64
		{C5FBF979-475C-3E9B-8ED3-2E5771E9BC88}.Debug|x64.Build.0 = Debug|x64
		{C5FBF979-475C-3E9B-8ED3-2E5771E9BC88}.Release|x64.ActiveCfg = Release|x64
		{C5FBF979-475C-3E9B-8ED3-2E5771E9BC88}.Release|x64.Build.0 = Release|x64
		{C5FBF979-475C-3E9B-8ED3-2E5771E9BC88}.MinSizeRel|x64.ActiveCfg = MinSizeRel|x64
		{C5FBF979-475C-3E9B-8ED3-2E5771E9BC88}.MinSizeRel|x64.Build.0 = MinSizeRel|x64
		{C5FBF979-475C-3E9B-8ED3-2E5771E9BC88}.RelWithDebInfo|x64.ActiveCfg = RelWithDebInfo|x64
		{C5FBF979-475C-3E9B-8ED3-2E5771E9BC88}.RelWithDebInfo|x64.Build.0 = RelWithDebInfo|x64
		{44F445AE-63A1-3D86-AAA7-ABD1CE328AB9}.Debug|x64.ActiveCfg = Debug|x64
		{44F445AE-63A1-3D86-AAA7-ABD1CE328AB9}.Debug|x64.Build.0 = Debug|x64
		{44F445AE-63A1-3D86-AAA7-ABD1CE328AB9}.Release|x64.ActiveCfg = Release|x64
		{44F445AE-63A1-3D86-AAA7-ABD1CE328AB9}.Release|x64.Build.0 = Release|x64
		{44F445AE-63A1-3D86-AAA7-ABD1CE328AB9}.MinSizeRel|x64.ActiveCfg = MinSizeRel|x64
		{44F445AE-63A1-3D86-AAA7-ABD1CE328AB9}.MinSizeRel|x64.Build.0 = MinSizeRel|x64
		{44F445AE-63A1-3D86-AAA7-ABD1CE328AB9}.RelWithDebInfo|x64.ActiveCfg = RelWithDebInfo|x64
		{44F445AE-63A1-3D86-AAA7-ABD1CE328AB9}.RelWithDebInfo|x64.Build.0 = RelWithDebInfo|x64
	EndGlobalSection
	GlobalSection(ExtensibilityGlobals) = postSolution
		SolutionGuid = {FCA2360B-9233-374F-B6D3-294EB24273AC}
	EndGlobalSection
	GlobalSection(ExtensibilityAddIns) = postSolution
	EndGlobalSection
EndGlobal
