<?xml version="1.0" encoding="utf-8"?>
<Project ToolsVersion="17.0" xmlns="http://schemas.microsoft.com/developer/msbuild/2003">
  <ItemGroup>
    <CustomBuild Include="F:\~dev\_vp2_build\CMakeFiles\a539510af3ebe0076fc9a3a2d805035f\generate.stamp.rule">
      <Filter>CMake Rules</Filter>
    </CustomBuild>
  </ItemGroup>
  <ItemGroup>
    <Filter Include="CMake Rules">
      <UniqueIdentifier>{E6197C8D-8665-3F72-960D-A7B0F0228A45}</UniqueIdentifier>
    </Filter>
  </ItemGroup>
</Project>
