<?xml version="1.0" encoding="utf-8"?>
<Project ToolsVersion="17.0" xmlns="http://schemas.microsoft.com/developer/msbuild/2003">
  <ItemGroup>
    <ClCompile Include="F:\~dev\rawrxd\src\repository\RepositoryIntelligence.cpp">
      <Filter>Source Files</Filter>
    </ClCompile>
    <ClCompile Include="F:\~dev\rawrxd\src\repo\FileIndex.cpp">
      <Filter>Source Files</Filter>
    </ClCompile>
    <ClCompile Include="F:\~dev\rawrxd\src\repo\SymbolTable.cpp">
      <Filter>Source Files</Filter>
    </ClCompile>
    <ClCompile Include="F:\~dev\rawrxd\src\repo\ASTCache.cpp">
      <Filter>Source Files</Filter>
    </ClCompile>
    <ClCompile Include="F:\~dev\rawrxd\src\repo\TypeDatabase.cpp">
      <Filter>Source Files</Filter>
    </ClCompile>
    <ClCompile Include="F:\~dev\rawrxd\src\repo\CallGraph.cpp">
      <Filter>Source Files</Filter>
    </ClCompile>
    <ClCompile Include="F:\~dev\rawrxd\src\repo\SearchIndex.cpp">
      <Filter>Source Files</Filter>
    </ClCompile>
    <ClCompile Include="F:\~dev\rawrxd\src\repo\EmbeddingIndex.cpp">
      <Filter>Source Files</Filter>
    </ClCompile>
  </ItemGroup>
  <ItemGroup>
    <ClInclude Include="F:\~dev\rawrxd\src\repository\RepositoryIntelligence.hpp">
      <Filter>Header Files</Filter>
    </ClInclude>
  </ItemGroup>
  <ItemGroup>
    <CustomBuild Include="F:\~dev\rawrxd\src\repository\CMakeLists.txt" />
  </ItemGroup>
  <ItemGroup>
    <Filter Include="Header Files">
      <UniqueIdentifier>{6E54990C-EBFF-33A0-B642-E75D7D1639C7}</UniqueIdentifier>
    </Filter>
    <Filter Include="Source Files">
      <UniqueIdentifier>{C8AE3C13-F7AE-3782-8658-74F5B5043FE2}</UniqueIdentifier>
    </Filter>
  </ItemGroup>
</Project>
