<?xml version="1.0" encoding="utf-8"?>
<Project ToolsVersion="17.0" xmlns="http://schemas.microsoft.com/developer/msbuild/2003">
  <ItemGroup>
    <ClCompile Include="F:\~dev\rawrxd\src\repository\RepositoryIntelligence.cpp">
      <Filter>Source Files</Filter>
    </ClCompile>
    <ClCompile Include="F:\~dev\rawrxd\src\repo\FileIndex.cpp">
      <Filter>Source Files</Filter>
    </ClCompile>
    <ClCompile Include="F:\~dev\rawrxd\src\repo\SymbolTable.cpp">
      <Filter>Source Files</Filter>
    </ClCompile>
    <ClCompile Include="F:\~dev\rawrxd\src\repo\ASTCache.cpp">
      <Filter>Source Files</Filter>
    </ClCompile>
    <ClCompile Include="F:\~dev\rawrxd\src\repo\TypeDatabase.cpp">
      <Filter>Source Files</Filter>
    </ClCompile>
    <ClCompile Include="F:\~dev\rawrxd\src\repo\CallGraph.cpp">
      <Filter>Source Files</Filter>
    </ClCompile>
    <ClCompile Include="F:\~dev\rawrxd\src\repo\SearchIndex.cpp">
      <Filter>Source Files</Filter>
    </ClCompile>
    <ClCompile Include="F:\~dev\rawrxd\src\repo\EmbeddingIndex.cpp">
      <Filter>Source Files</Filter>
    </ClCompile>
  </ItemGroup>
  <ItemGroup>
    <ClInclude Include="F:\~dev\rawrxd\src\repository\RepositoryIntelligence.hpp">
      <Filter>Header Files</Filter>
    </ClInclude>
  </ItemGroup>
  <ItemGroup>
    <CustomBuild Include="F:\~dev\rawrxd\src\repository\CMakeLists.txt" />
  </ItemGroup>
  <ItemGroup>
    <Filter Include="Header Files">
      <UniqueIdentifier>{7E717160-7BC6-3710-8C9F-ED590CB45EDD}</UniqueIdentifier>
    </Filter>
    <Filter Include="Source Files">
      <UniqueIdentifier>{A52E260E-9BAC-357D-B502-9F18378DC452}</UniqueIdentifier>
    </Filter>
  </ItemGroup>
</Project>
