<?xml version="1.0" encoding="utf-8"?>
<Project ToolsVersion="17.0" xmlns="http://schemas.microsoft.com/developer/msbuild/2003">
  <ItemGroup>
    <ClCompile Include="F:\~dev\rawrxd\src\ceo\CEOAgent.cpp">
      <Filter>Source Files</Filter>
    </ClCompile>
    <ClCompile Include="F:\~dev\rawrxd\src\ceo\AutonomousBuildLoop.cpp">
      <Filter>Source Files</Filter>
    </ClCompile>
    <ClCompile Include="F:\~dev\rawrxd\src\ceo\ContextEngine.cpp">
      <Filter>Source Files</Filter>
    </ClCompile>
    <ClCompile Include="F:\~dev\rawrxd\src\ceo\ModelRouter.cpp">
      <Filter>Source Files</Filter>
    </ClCompile>
    <ClCompile Include="F:\~dev\rawrxd\src\ceo\ProjectState.cpp">
      <Filter>Source Files</Filter>
    </ClCompile>
  </ItemGroup>
  <ItemGroup>
    <ClInclude Include="F:\~dev\rawrxd\src\ceo\CEOAgent.hpp">
      <Filter>Header Files</Filter>
    </ClInclude>
    <ClInclude Include="F:\~dev\rawrxd\src\ceo\AutonomousBuildLoop.hpp">
      <Filter>Header Files</Filter>
    </ClInclude>
    <ClInclude Include="F:\~dev\rawrxd\src\ceo\ContextEngine.hpp">
      <Filter>Header Files</Filter>
    </ClInclude>
    <ClInclude Include="F:\~dev\rawrxd\src\ceo\ModelRouter.hpp">
      <Filter>Header Files</Filter>
    </ClInclude>
    <ClInclude Include="F:\~dev\rawrxd\src\ceo\ProjectState.hpp">
      <Filter>Header Files</Filter>
    </ClInclude>
  </ItemGroup>
  <ItemGroup>
    <CustomBuild Include="F:\~dev\rawrxd\src\ceo\CMakeLists.txt" />
  </ItemGroup>
  <ItemGroup>
    <Filter Include="Header Files">
      <UniqueIdentifier>{17A94267-2D12-35FB-B9AB-56A7B88B5A7C}</UniqueIdentifier>
    </Filter>
    <Filter Include="Source Files">
      <UniqueIdentifier>{48DE8EA2-8E2D-3866-ABBC-7F7AA0DD4D09}</UniqueIdentifier>
    </Filter>
  </ItemGroup>
</Project>
